// !$*UTF8*$!
{
	archiveVersion = 1;
	classes = {
	};
	objectVersion = 48;
	objects = {

/* Begin PBXBuildFile section */
		822D7C178839E9C792CE9FA9 /* libPods-Scans.a in Frameworks */ = {isa = PBXBuildFile; fileRef = 9359D7DDE193717C3AE91735 /* libPods-Scans.a */; };
		CD04593D2049F922006D48D0 /* NSXMLDictionary.m in Sources */ = {isa = PBXBuildFile; fileRef = CD04593B2049F922006D48D0 /* NSXMLDictionary.m */; };
		CD045943204B0940006D48D0 /* like-line@2x.png in Resources */ = {isa = PBXBuildFile; fileRef = CD045941204B0940006D48D0 /* like-line@2x.png */; };
		CD045944204B0940006D48D0 /* like-fill@2x.png in Resources */ = {isa = PBXBuildFile; fileRef = CD045942204B0940006D48D0 /* like-fill@2x.png */; };
		CD256D3F2041FFA90086EAAB /* UIGestureTransition.m in Sources */ = {isa = PBXBuildFile; fileRef = CD256D3E2041FFA90086EAAB /* UIGestureTransition.m */; };
		CD256D422041FFC10086EAAB /* UIInteractiveTransition.m in Sources */ = {isa = PBXBuildFile; fileRef = CD256D412041FFC00086EAAB /* UIInteractiveTransition.m */; };
		CD256D45204200560086EAAB /* UIGestureRecognizer+Convenience.m in Sources */ = {isa = PBXBuildFile; fileRef = CD256D44204200560086EAAB /* UIGestureRecognizer+Convenience.m */; };
		CD256D482042DFBD0086EAAB /* MessageUI+Convenience.m in Sources */ = {isa = PBXBuildFile; fileRef = CD256D472042DFBD0086EAAB /* MessageUI+Convenience.m */; };
		CD256D4B2042DFCE0086EAAB /* MobileCoreServices+Convenience.m in Sources */ = {isa = PBXBuildFile; fileRef = CD256D492042DFCD0086EAAB /* MobileCoreServices+Convenience.m */; };
		CD256D4E2042E0B60086EAAB /* Affiliates+Convenience.m in Sources */ = {isa = PBXBuildFile; fileRef = CD256D4C2042E0B60086EAAB /* Affiliates+Convenience.m */; };
		CD256D512042E0CC0086EAAB /* NSURLSession+Convenience.m in Sources */ = {isa = PBXBuildFile; fileRef = CD256D502042E0CC0086EAAB /* NSURLSession+Convenience.m */; };
		CD256D542042E0DF0086EAAB /* CommonCrypto+Convenience.m in Sources */ = {isa = PBXBuildFile; fileRef = CD256D522042E0DF0086EAAB /* CommonCrypto+Convenience.m */; };
		CD256D572042E0F80086EAAB /* NSData+Convenience.m in Sources */ = {isa = PBXBuildFile; fileRef = CD256D562042E0F80086EAAB /* NSData+Convenience.m */; };
		CD256D5A2042E12E0086EAAB /* NSString+Convenience.m in Sources */ = {isa = PBXBuildFile; fileRef = CD256D592042E12E0086EAAB /* NSString+Convenience.m */; };
		CD256D5D2042E1D90086EAAB /* Answers+Convenience.m in Sources */ = {isa = PBXBuildFile; fileRef = CD256D5B2042E1D80086EAAB /* Answers+Convenience.m */; };
		CD256D682042E5D70086EAAB /* NSDictionary+Convenience.m in Sources */ = {isa = PBXBuildFile; fileRef = CD256D672042E5D60086EAAB /* NSDictionary+Convenience.m */; };
		CD256D7B2042E7740086EAAB /* iCloud-60.png in Resources */ = {isa = PBXBuildFile; fileRef = CD256D692042E7710086EAAB /* iCloud-60.png */; };
		CD256D7C2042E7740086EAAB /* iCloud-76@3x.png in Resources */ = {isa = PBXBuildFile; fileRef = CD256D6A2042E7720086EAAB /* iCloud-76@3x.png */; };
		CD256D7D2042E7740086EAAB /* Google+-76.png in Resources */ = {isa = PBXBuildFile; fileRef = CD256D6B2042E7720086EAAB /* Google+-76.png */; };
		CD256D7E2042E7740086EAAB /* iCloud-76.png in Resources */ = {isa = PBXBuildFile; fileRef = CD256D6C2042E7720086EAAB /* iCloud-76.png */; };
		CD256D7F2042E7740086EAAB /* Facebook-60@2x.png in Resources */ = {isa = PBXBuildFile; fileRef = CD256D6D2042E7720086EAAB /* Facebook-60@2x.png */; };
		CD256D802042E7740086EAAB /* iCloud-60@3x.png in Resources */ = {isa = PBXBuildFile; fileRef = CD256D6E2042E7720086EAAB /* iCloud-60@3x.png */; };
		CD256D812042E7740086EAAB /* Google+-60@2x.png in Resources */ = {isa = PBXBuildFile; fileRef = CD256D6F2042E7720086EAAB /* Google+-60@2x.png */; };
		CD256D822042E7740086EAAB /* iCloud-60@2x.png in Resources */ = {isa = PBXBuildFile; fileRef = CD256D702042E7720086EAAB /* iCloud-60@2x.png */; };
		CD256D832042E7740086EAAB /* Facebook-76@3x.png in Resources */ = {isa = PBXBuildFile; fileRef = CD256D712042E7720086EAAB /* Facebook-76@3x.png */; };
		CD256D842042E7740086EAAB /* Google+-60@3x.png in Resources */ = {isa = PBXBuildFile; fileRef = CD256D722042E7730086EAAB /* Google+-60@3x.png */; };
		CD256D852042E7740086EAAB /* Facebook-76.png in Resources */ = {isa = PBXBuildFile; fileRef = CD256D732042E7730086EAAB /* Facebook-76.png */; };
		CD256D862042E7740086EAAB /* Facebook-76@2x.png in Resources */ = {isa = PBXBuildFile; fileRef = CD256D742042E7730086EAAB /* Facebook-76@2x.png */; };
		CD256D872042E7740086EAAB /* iCloud-76@2x.png in Resources */ = {isa = PBXBuildFile; fileRef = CD256D752042E7730086EAAB /* iCloud-76@2x.png */; };
		CD256D882042E7740086EAAB /* Facebook-60@3x.png in Resources */ = {isa = PBXBuildFile; fileRef = CD256D762042E7730086EAAB /* Facebook-60@3x.png */; };
		CD256D892042E7740086EAAB /* Google+-60.png in Resources */ = {isa = PBXBuildFile; fileRef = CD256D772042E7730086EAAB /* Google+-60.png */; };
		CD256D8A2042E7740086EAAB /* Facebook-60.png in Resources */ = {isa = PBXBuildFile; fileRef = CD256D782042E7730086EAAB /* Facebook-60.png */; };
		CD256D8B2042E7740086EAAB /* Google+-76@2x.png in Resources */ = {isa = PBXBuildFile; fileRef = CD256D792042E7730086EAAB /* Google+-76@2x.png */; };
		CD256D8C2042E7740086EAAB /* Google+-76@3x.png in Resources */ = {isa = PBXBuildFile; fileRef = CD256D7A2042E7740086EAAB /* Google+-76@3x.png */; };
		CD256D992042E7810086EAAB /* Twitter-60@2x.png in Resources */ = {isa = PBXBuildFile; fileRef = CD256D8D2042E77F0086EAAB /* Twitter-60@2x.png */; };
		CD256D9A2042E7810086EAAB /* VK-76.png in Resources */ = {isa = PBXBuildFile; fileRef = CD256D8E2042E77F0086EAAB /* VK-76.png */; };
		CD256D9B2042E7810086EAAB /* Twitter-60.png in Resources */ = {isa = PBXBuildFile; fileRef = CD256D8F2042E77F0086EAAB /* Twitter-60.png */; };
		CD256D9C2042E7810086EAAB /* Twitter-60@3x.png in Resources */ = {isa = PBXBuildFile; fileRef = CD256D902042E7800086EAAB /* Twitter-60@3x.png */; };
		CD256D9D2042E7810086EAAB /* VK-60@2x.png in Resources */ = {isa = PBXBuildFile; fileRef = CD256D912042E7800086EAAB /* VK-60@2x.png */; };
		CD256D9E2042E7810086EAAB /* VK-60@3x.png in Resources */ = {isa = PBXBuildFile; fileRef = CD256D922042E7800086EAAB /* VK-60@3x.png */; };
		CD256D9F2042E7810086EAAB /* VK-76@2x.png in Resources */ = {isa = PBXBuildFile; fileRef = CD256D932042E7800086EAAB /* VK-76@2x.png */; };
		CD256DA02042E7810086EAAB /* VK-76@3x.png in Resources */ = {isa = PBXBuildFile; fileRef = CD256D942042E7800086EAAB /* VK-76@3x.png */; };
		CD256DA12042E7810086EAAB /* Twitter-76@2x.png in Resources */ = {isa = PBXBuildFile; fileRef = CD256D952042E7800086EAAB /* Twitter-76@2x.png */; };
		CD256DA22042E7810086EAAB /* Twitter-76.png in Resources */ = {isa = PBXBuildFile; fileRef = CD256D962042E7800086EAAB /* Twitter-76.png */; };
		CD256DA32042E7810086EAAB /* Twitter-76@3x.png in Resources */ = {isa = PBXBuildFile; fileRef = CD256D972042E7810086EAAB /* Twitter-76@3x.png */; };
		CD256DA42042E7810086EAAB /* VK-60.png in Resources */ = {isa = PBXBuildFile; fileRef = CD256D982042E7810086EAAB /* VK-60.png */; };
		CD256DA92043045F0086EAAB /* SKInAppPurchase.m in Sources */ = {isa = PBXBuildFile; fileRef = CD256DA62043045E0086EAAB /* SKInAppPurchase.m */; };
		CD256DAA2043045F0086EAAB /* StoreKit+Convenience.m in Sources */ = {isa = PBXBuildFile; fileRef = CD256DA82043045E0086EAAB /* StoreKit+Convenience.m */; };
		CD256DAD20430DD20086EAAB /* QuartzCore+Convenience.m in Sources */ = {isa = PBXBuildFile; fileRef = CD256DAC20430DD20086EAAB /* QuartzCore+Convenience.m */; };
		CD25C6D920B6B16F00D979FB /* FIRVision+Convenience.m in Sources */ = {isa = PBXBuildFile; fileRef = CD25C6D820B6B16F00D979FB /* FIRVision+Convenience.m */; };
		CD30D8A3207000F200028C8D /* PhotoLibrary.m in Sources */ = {isa = PBXBuildFile; fileRef = CD30D8A2207000F200028C8D /* PhotoLibrary.m */; };
		CD36C5FA2041BFC10029FA9C /* NavigationController.m in Sources */ = {isa = PBXBuildFile; fileRef = CD36C5F92041BFC10029FA9C /* NavigationController.m */; };
		CD36C6262041C2B90029FA9C /* UIAlertController+Convenience.m in Sources */ = {isa = PBXBuildFile; fileRef = CD36C5FD2041C2B60029FA9C /* UIAlertController+Convenience.m */; };
		CD36C6272041C2B90029FA9C /* Photos+Convenience.m in Sources */ = {isa = PBXBuildFile; fileRef = CD36C5FF2041C2B60029FA9C /* Photos+Convenience.m */; };
		CD36C6282041C2B90029FA9C /* UIImage+Convenience.m in Sources */ = {isa = PBXBuildFile; fileRef = CD36C6022041C2B70029FA9C /* UIImage+Convenience.m */; };
		CD36C6292041C2B90029FA9C /* UIView+Convenience.m in Sources */ = {isa = PBXBuildFile; fileRef = CD36C6032041C2B70029FA9C /* UIView+Convenience.m */; };
		CD36C62A2041C2B90029FA9C /* NSArray+Convenience.m in Sources */ = {isa = PBXBuildFile; fileRef = CD36C6042041C2B70029FA9C /* NSArray+Convenience.m */; };
		CD36C62B2041C2B90029FA9C /* Dispatch+Convenience.m in Sources */ = {isa = PBXBuildFile; fileRef = CD36C6052041C2B70029FA9C /* Dispatch+Convenience.m */; };
		CD36C62C2041C2B90029FA9C /* UIApplication+Convenience.m in Sources */ = {isa = PBXBuildFile; fileRef = CD36C6062041C2B70029FA9C /* UIApplication+Convenience.m */; };
		CD36C62D2041C2B90029FA9C /* UIActivityViewController+Convenience.m in Sources */ = {isa = PBXBuildFile; fileRef = CD36C6082041C2B70029FA9C /* UIActivityViewController+Convenience.m */; };
		CD36C62E2041C2B90029FA9C /* NSLayoutConstraint+Convenience.m in Sources */ = {isa = PBXBuildFile; fileRef = CD36C60A2041C2B70029FA9C /* NSLayoutConstraint+Convenience.m */; };
		CD36C62F2041C2B90029FA9C /* UIScrollView+Convenience.m in Sources */ = {isa = PBXBuildFile; fileRef = CD36C60B2041C2B70029FA9C /* UIScrollView+Convenience.m */; };
		CD36C6302041C2B90029FA9C /* NSBundle+Convenience.m in Sources */ = {isa = PBXBuildFile; fileRef = CD36C60C2041C2B70029FA9C /* NSBundle+Convenience.m */; };
		CD36C6312041C2B90029FA9C /* CoreImage+Convenience.m in Sources */ = {isa = PBXBuildFile; fileRef = CD36C60D2041C2B70029FA9C /* CoreImage+Convenience.m */; };
		CD36C6322041C2B90029FA9C /* UIActivity+Convenience.m in Sources */ = {isa = PBXBuildFile; fileRef = CD36C6142041C2B80029FA9C /* UIActivity+Convenience.m */; };
		CD36C6332041C2B90029FA9C /* UIDocumentPickerViewController+Convenience.m in Sources */ = {isa = PBXBuildFile; fileRef = CD36C6152041C2B80029FA9C /* UIDocumentPickerViewController+Convenience.m */; };
		CD36C6342041C2B90029FA9C /* UIViewController+Convenience.m in Sources */ = {isa = PBXBuildFile; fileRef = CD36C6182041C2B80029FA9C /* UIViewController+Convenience.m */; };
		CD36C6352041C2B90029FA9C /* NSFormatter+Convenience.m in Sources */ = {isa = PBXBuildFile; fileRef = CD36C61A2041C2B80029FA9C /* NSFormatter+Convenience.m */; };
		CD36C6362041C2B90029FA9C /* UINavigationController+Convenience.m in Sources */ = {isa = PBXBuildFile; fileRef = CD36C61C2041C2B80029FA9C /* UINavigationController+Convenience.m */; };
		CD36C6372041C2B90029FA9C /* NSURL+Convenience.m in Sources */ = {isa = PBXBuildFile; fileRef = CD36C61F2041C2B90029FA9C /* NSURL+Convenience.m */; };
		CD36C6382041C2B90029FA9C /* NSFileManager+Convenience.m in Sources */ = {isa = PBXBuildFile; fileRef = CD36C6212041C2B90029FA9C /* NSFileManager+Convenience.m */; };
		CD36C6392041C2B90029FA9C /* NSObject+Convenience.m in Sources */ = {isa = PBXBuildFile; fileRef = CD36C6252041C2B90029FA9C /* NSObject+Convenience.m */; };
		CD36C63D2041C5290029FA9C /* circle-line@2x.png in Resources */ = {isa = PBXBuildFile; fileRef = CD36C63C2041C5280029FA9C /* circle-line@2x.png */; };
		CD36C6412041DBF00029FA9C /* scans-30@3x.png in Resources */ = {isa = PBXBuildFile; fileRef = CD36C6402041DBEF0029FA9C /* scans-30@3x.png */; };
		CD3F267420B9A7D30016C2F0 /* info-fill@2x.png in Resources */ = {isa = PBXBuildFile; fileRef = CD3F267320B9A7D20016C2F0 /* info-fill@2x.png */; };
		CD3F267620B9A8DE0016C2F0 /* camera-fill@2x.png in Resources */ = {isa = PBXBuildFile; fileRef = CD3F267520B9A8DE0016C2F0 /* camera-fill@2x.png */; };
		CD438C6720B0B6B600189B71 /* GoogleService-Info.plist in Resources */ = {isa = PBXBuildFile; fileRef = CD438C6620B0B6B600189B71 /* GoogleService-Info.plist */; };
		CD466436205C203B002F068A /* RectangleController.m in Sources */ = {isa = PBXBuildFile; fileRef = CD466435205C203B002F068A /* RectangleController.m */; };
		CD538BF120B88E8C004956D1 /* UISearchController+Convenience.m in Sources */ = {isa = PBXBuildFile; fileRef = CD538BF020B88E8C004956D1 /* UISearchController+Convenience.m */; };
		CD662FC41FC701E2002BA3F8 /* AppDelegate.m in Sources */ = {isa = PBXBuildFile; fileRef = CD662FC31FC701E2002BA3F8 /* AppDelegate.m */; };
		CD662FC71FC701E2002BA3F8 /* ViewController.m in Sources */ = {isa = PBXBuildFile; fileRef = CD662FC61FC701E2002BA3F8 /* ViewController.m */; };
		CD662FCA1FC701E2002BA3F8 /* Main.storyboard in Resources */ = {isa = PBXBuildFile; fileRef = CD662FC81FC701E2002BA3F8 /* Main.storyboard */; };
		CD662FCD1FC701E2002BA3F8 /* Scans.xcdatamodeld in Sources */ = {isa = PBXBuildFile; fileRef = CD662FCB1FC701E2002BA3F8 /* Scans.xcdatamodeld */; };
		CD662FCF1FC701E2002BA3F8 /* Assets.xcassets in Resources */ = {isa = PBXBuildFile; fileRef = CD662FCE1FC701E2002BA3F8 /* Assets.xcassets */; };
		CD662FD21FC701E2002BA3F8 /* LaunchScreen.storyboard in Resources */ = {isa = PBXBuildFile; fileRef = CD662FD01FC701E2002BA3F8 /* LaunchScreen.storyboard */; };
		CD662FD51FC701E2002BA3F8 /* main.m in Sources */ = {isa = PBXBuildFile; fileRef = CD662FD41FC701E2002BA3F8 /* main.m */; };
		CD662FEA1FC70ECD002BA3F8 /* PHAssetController.m in Sources */ = {isa = PBXBuildFile; fileRef = CD662FE91FC70ECD002BA3F8 /* PHAssetController.m */; };
		CD662FF61FC73B27002BA3F8 /* VNTextCollectionController.m in Sources */ = {isa = PBXBuildFile; fileRef = CD662FF51FC73B27002BA3F8 /* VNTextCollectionController.m */; };
		CD66F3D42044858B00050C65 /* Vision+Convenience.m in Sources */ = {isa = PBXBuildFile; fileRef = CD66F3D32044858B00050C65 /* Vision+Convenience.m */; };
		CD8157B42059757E007EAEC6 /* UIImagePickerController+Convenience.m in Sources */ = {isa = PBXBuildFile; fileRef = CD8157B32059757D007EAEC6 /* UIImagePickerController+Convenience.m */; };
		CD822B8B206D602700F2112F /* AVCaptureSession+Convenience.m in Sources */ = {isa = PBXBuildFile; fileRef = CD822B8A206D602700F2112F /* AVCaptureSession+Convenience.m */; };
		CD84E14920C2C9DC00286E27 /* Reachability.m in Sources */ = {isa = PBXBuildFile; fileRef = CD84E14820C2C9DC00286E27 /* Reachability.m */; };
		CDC08DE72045C07C009C6AD0 /* VNTextPagingController.m in Sources */ = {isa = PBXBuildFile; fileRef = CDC08DE62045C07C009C6AD0 /* VNTextPagingController.m */; };
		CDC08DEA2045E18C009C6AD0 /* PHAssetPagingController.m in Sources */ = {isa = PBXBuildFile; fileRef = CDC08DE92045E18C009C6AD0 /* PHAssetPagingController.m */; };
		CDC92D022072824C00287A55 /* TextDetector.m in Sources */ = {isa = PBXBuildFile; fileRef = CDC92D012072824C00287A55 /* TextDetector.m */; };
		CDDBBE85203F4D3100E9E325 /* UIImageController.m in Sources */ = {isa = PBXBuildFile; fileRef = CDDBBE84203F4D3100E9E325 /* UIImageController.m */; };
		CDE0055E206E6BE200EA1C2F /* photos-120@3x.png in Resources */ = {isa = PBXBuildFile; fileRef = CDE0055D206E6BE100EA1C2F /* photos-120@3x.png */; };
		CDE33ABD20485FA700F89AD8 /* CollectionTransition.m in Sources */ = {isa = PBXBuildFile; fileRef = CDE33ABC20485FA700F89AD8 /* CollectionTransition.m */; };
		CDE33AC02048611300F89AD8 /* CoreData+Convenience.m in Sources */ = {isa = PBXBuildFile; fileRef = CDE33ABE2048611300F89AD8 /* CoreData+Convenience.m */; };
		CDE33AD420486F8800F89AD8 /* Model+Convenience.m in Sources */ = {isa = PBXBuildFile; fileRef = CDE33AD320486F8800F89AD8 /* Model+Convenience.m */; };
		CDE33B3F2049936000F89AD8 /* UIPageViewController+Convenience.m in Sources */ = {isa = PBXBuildFile; fileRef = CDE33B3D2049936000F89AD8 /* UIPageViewController+Convenience.m */; };
		CDFE017D2041F91300C5AC4E /* AboutController.m in Sources */ = {isa = PBXBuildFile; fileRef = CDFE017C2041F91300C5AC4E /* AboutController.m */; };
		CDFE01822041FD5B00C5AC4E /* chat-fill@2x.png in Resources */ = {isa = PBXBuildFile; fileRef = CDFE017E2041FD5A00C5AC4E /* chat-fill@2x.png */; };
		CDFE01832041FD5B00C5AC4E /* envelope-fill@2x.png in Resources */ = {isa = PBXBuildFile; fileRef = CDFE017F2041FD5A00C5AC4E /* envelope-fill@2x.png */; };
		CDFE01842041FD5B00C5AC4E /* moneybox-fill@2x.png in Resources */ = {isa = PBXBuildFile; fileRef = CDFE01802041FD5A00C5AC4E /* moneybox-fill@2x.png */; };
		CDFE01852041FD5B00C5AC4E /* star-fill@2x.png in Resources */ = {isa = PBXBuildFile; fileRef = CDFE01812041FD5A00C5AC4E /* star-fill@2x.png */; };
/* End PBXBuildFile section */

/* Begin PBXFileReference section */
		76D341700BFF3A52D1DF6D6C /* Pods-Scans.release.xcconfig */ = {isa = PBXFileReference; includeInIndex = 1; lastKnownFileType = text.xcconfig; name = "Pods-Scans.release.xcconfig"; path = "Pods/Target Support Files/Pods-Scans/Pods-Scans.release.xcconfig"; sourceTree = "<group>"; };
		9359D7DDE193717C3AE91735 /* libPods-Scans.a */ = {isa = PBXFileReference; explicitFileType = archive.ar; includeInIndex = 0; path = "libPods-Scans.a"; sourceTree = BUILT_PRODUCTS_DIR; };
		C9B5A858E256402FEE551B8F /* Pods-Scans.debug.xcconfig */ = {isa = PBXFileReference; includeInIndex = 1; lastKnownFileType = text.xcconfig; name = "Pods-Scans.debug.xcconfig"; path = "Pods/Target Support Files/Pods-Scans/Pods-Scans.debug.xcconfig"; sourceTree = "<group>"; };
		CD04593B2049F922006D48D0 /* NSXMLDictionary.m */ = {isa = PBXFileReference; fileEncoding = 4; lastKnownFileType = sourcecode.c.objc; name = NSXMLDictionary.m; path = "../Objective Sea/NSXMLDictionary.m"; sourceTree = "<group>"; };
		CD04593C2049F922006D48D0 /* NSXMLDictionary.h */ = {isa = PBXFileReference; fileEncoding = 4; lastKnownFileType = sourcecode.c.h; name = NSXMLDictionary.h; path = "../Objective Sea/NSXMLDictionary.h"; sourceTree = "<group>"; };
		CD045941204B0940006D48D0 /* like-line@2x.png */ = {isa = PBXFileReference; lastKnownFileType = image.png; name = "like-line@2x.png"; path = "../Frameworks/Images/like-line@2x.png"; sourceTree = "<group>"; };
		CD045942204B0940006D48D0 /* like-fill@2x.png */ = {isa = PBXFileReference; lastKnownFileType = image.png; name = "like-fill@2x.png"; path = "../Frameworks/Images/like-fill@2x.png"; sourceTree = "<group>"; };
		CD256D3D2041FFA90086EAAB /* UIGestureTransition.h */ = {isa = PBXFileReference; fileEncoding = 4; lastKnownFileType = sourcecode.c.h; name = UIGestureTransition.h; path = "../Objective Sea/UIGestureTransition.h"; sourceTree = "<group>"; };
		CD256D3E2041FFA90086EAAB /* UIGestureTransition.m */ = {isa = PBXFileReference; fileEncoding = 4; lastKnownFileType = sourcecode.c.objc; name = UIGestureTransition.m; path = "../Objective Sea/UIGestureTransition.m"; sourceTree = "<group>"; };
		CD256D402041FFC00086EAAB /* UIInteractiveTransition.h */ = {isa = PBXFileReference; fileEncoding = 4; lastKnownFileType = sourcecode.c.h; name = UIInteractiveTransition.h; path = "../Objective Sea/UIInteractiveTransition.h"; sourceTree = "<group>"; };
		CD256D412041FFC00086EAAB /* UIInteractiveTransition.m */ = {isa = PBXFileReference; fileEncoding = 4; lastKnownFileType = sourcecode.c.objc; name = UIInteractiveTransition.m; path = "../Objective Sea/UIInteractiveTransition.m"; sourceTree = "<group>"; };
		CD256D43204200560086EAAB /* UIGestureRecognizer+Convenience.h */ = {isa = PBXFileReference; fileEncoding = 4; lastKnownFileType = sourcecode.c.h; name = "UIGestureRecognizer+Convenience.h"; path = "../Objective Sea/UIGestureRecognizer+Convenience.h"; sourceTree = "<group>"; };
		CD256D44204200560086EAAB /* UIGestureRecognizer+Convenience.m */ = {isa = PBXFileReference; fileEncoding = 4; lastKnownFileType = sourcecode.c.objc; name = "UIGestureRecognizer+Convenience.m"; path = "../Objective Sea/UIGestureRecognizer+Convenience.m"; sourceTree = "<group>"; };
		CD256D462042DFBD0086EAAB /* MessageUI+Convenience.h */ = {isa = PBXFileReference; fileEncoding = 4; lastKnownFileType = sourcecode.c.h; name = "MessageUI+Convenience.h"; path = "../Objective Sea/MessageUI+Convenience.h"; sourceTree = "<group>"; };
		CD256D472042DFBD0086EAAB /* MessageUI+Convenience.m */ = {isa = PBXFileReference; fileEncoding = 4; lastKnownFileType = sourcecode.c.objc; name = "MessageUI+Convenience.m"; path = "../Objective Sea/MessageUI+Convenience.m"; sourceTree = "<group>"; };
		CD256D492042DFCD0086EAAB /* MobileCoreServices+Convenience.m */ = {isa = PBXFileReference; fileEncoding = 4; lastKnownFileType = sourcecode.c.objc; name = "MobileCoreServices+Convenience.m"; path = "../Objective Sea/MobileCoreServices+Convenience.m"; sourceTree = "<group>"; };
		CD256D4A2042DFCD0086EAAB /* MobileCoreServices+Convenience.h */ = {isa = PBXFileReference; fileEncoding = 4; lastKnownFileType = sourcecode.c.h; name = "MobileCoreServices+Convenience.h"; path = "../Objective Sea/MobileCoreServices+Convenience.h"; sourceTree = "<group>"; };
		CD256D4C2042E0B60086EAAB /* Affiliates+Convenience.m */ = {isa = PBXFileReference; fileEncoding = 4; lastKnownFileType = sourcecode.c.objc; name = "Affiliates+Convenience.m"; path = "../Objective Sea/Affiliates+Convenience.m"; sourceTree = "<group>"; };
		CD256D4D2042E0B60086EAAB /* Affiliates+Convenience.h */ = {isa = PBXFileReference; fileEncoding = 4; lastKnownFileType = sourcecode.c.h; name = "Affiliates+Convenience.h"; path = "../Objective Sea/Affiliates+Convenience.h"; sourceTree = "<group>"; };
		CD256D4F2042E0CB0086EAAB /* NSURLSession+Convenience.h */ = {isa = PBXFileReference; fileEncoding = 4; lastKnownFileType = sourcecode.c.h; name = "NSURLSession+Convenience.h"; path = "../Objective Sea/NSURLSession+Convenience.h"; sourceTree = "<group>"; };
		CD256D502042E0CC0086EAAB /* NSURLSession+Convenience.m */ = {isa = PBXFileReference; fileEncoding = 4; lastKnownFileType = sourcecode.c.objc; name = "NSURLSession+Convenience.m"; path = "../Objective Sea/NSURLSession+Convenience.m"; sourceTree = "<group>"; };
		CD256D522042E0DF0086EAAB /* CommonCrypto+Convenience.m */ = {isa = PBXFileReference; fileEncoding = 4; lastKnownFileType = sourcecode.c.objc; name = "CommonCrypto+Convenience.m"; path = "../Objective Sea/CommonCrypto+Convenience.m"; sourceTree = "<group>"; };
		CD256D532042E0DF0086EAAB /* CommonCrypto+Convenience.h */ = {isa = PBXFileReference; fileEncoding = 4; lastKnownFileType = sourcecode.c.h; name = "CommonCrypto+Convenience.h"; path = "../Objective Sea/CommonCrypto+Convenience.h"; sourceTree = "<group>"; };
		CD256D552042E0F80086EAAB /* NSData+Convenience.h */ = {isa = PBXFileReference; fileEncoding = 4; lastKnownFileType = sourcecode.c.h; name = "NSData+Convenience.h"; path = "../Objective Sea/NSData+Convenience.h"; sourceTree = "<group>"; };
		CD256D562042E0F80086EAAB /* NSData+Convenience.m */ = {isa = PBXFileReference; fileEncoding = 4; lastKnownFileType = sourcecode.c.objc; name = "NSData+Convenience.m"; path = "../Objective Sea/NSData+Convenience.m"; sourceTree = "<group>"; };
		CD256D582042E12E0086EAAB /* NSString+Convenience.h */ = {isa = PBXFileReference; fileEncoding = 4; lastKnownFileType = sourcecode.c.h; name = "NSString+Convenience.h"; path = "../Objective Sea/NSString+Convenience.h"; sourceTree = "<group>"; };
		CD256D592042E12E0086EAAB /* NSString+Convenience.m */ = {isa = PBXFileReference; fileEncoding = 4; lastKnownFileType = sourcecode.c.objc; name = "NSString+Convenience.m"; path = "../Objective Sea/NSString+Convenience.m"; sourceTree = "<group>"; };
		CD256D5B2042E1D80086EAAB /* Answers+Convenience.m */ = {isa = PBXFileReference; fileEncoding = 4; lastKnownFileType = sourcecode.c.objc; name = "Answers+Convenience.m"; path = "../Objective Sea/Answers+Convenience.m"; sourceTree = "<group>"; };
		CD256D5C2042E1D90086EAAB /* Answers+Convenience.h */ = {isa = PBXFileReference; fileEncoding = 4; lastKnownFileType = sourcecode.c.h; name = "Answers+Convenience.h"; path = "../Objective Sea/Answers+Convenience.h"; sourceTree = "<group>"; };
		CD256D662042E5D60086EAAB /* NSDictionary+Convenience.h */ = {isa = PBXFileReference; fileEncoding = 4; lastKnownFileType = sourcecode.c.h; name = "NSDictionary+Convenience.h"; path = "../Objective Sea/NSDictionary+Convenience.h"; sourceTree = "<group>"; };
		CD256D672042E5D60086EAAB /* NSDictionary+Convenience.m */ = {isa = PBXFileReference; fileEncoding = 4; lastKnownFileType = sourcecode.c.objc; name = "NSDictionary+Convenience.m"; path = "../Objective Sea/NSDictionary+Convenience.m"; sourceTree = "<group>"; };
		CD256D692042E7710086EAAB /* iCloud-60.png */ = {isa = PBXFileReference; lastKnownFileType = image.png; name = "iCloud-60.png"; path = "../Frameworks/Images/iCloud-60.png"; sourceTree = "<group>"; };
		CD256D6A2042E7720086EAAB /* iCloud-76@3x.png */ = {isa = PBXFileReference; lastKnownFileType = image.png; name = "iCloud-76@3x.png"; path = "../Frameworks/Images/iCloud-76@3x.png"; sourceTree = "<group>"; };
		CD256D6B2042E7720086EAAB /* Google+-76.png */ = {isa = PBXFileReference; lastKnownFileType = image.png; name = "Google+-76.png"; path = "../Frameworks/Images/Google+-76.png"; sourceTree = "<group>"; };
		CD256D6C2042E7720086EAAB /* iCloud-76.png */ = {isa = PBXFileReference; lastKnownFileType = image.png; name = "iCloud-76.png"; path = "../Frameworks/Images/iCloud-76.png"; sourceTree = "<group>"; };
		CD256D6D2042E7720086EAAB /* Facebook-60@2x.png */ = {isa = PBXFileReference; lastKnownFileType = image.png; name = "Facebook-60@2x.png"; path = "../Frameworks/Images/Facebook-60@2x.png"; sourceTree = "<group>"; };
		CD256D6E2042E7720086EAAB /* iCloud-60@3x.png */ = {isa = PBXFileReference; lastKnownFileType = image.png; name = "iCloud-60@3x.png"; path = "../Frameworks/Images/iCloud-60@3x.png"; sourceTree = "<group>"; };
		CD256D6F2042E7720086EAAB /* Google+-60@2x.png */ = {isa = PBXFileReference; lastKnownFileType = image.png; name = "Google+-60@2x.png"; path = "../Frameworks/Images/Google+-60@2x.png"; sourceTree = "<group>"; };
		CD256D702042E7720086EAAB /* iCloud-60@2x.png */ = {isa = PBXFileReference; lastKnownFileType = image.png; name = "iCloud-60@2x.png"; path = "../Frameworks/Images/iCloud-60@2x.png"; sourceTree = "<group>"; };
		CD256D712042E7720086EAAB /* Facebook-76@3x.png */ = {isa = PBXFileReference; lastKnownFileType = image.png; name = "Facebook-76@3x.png"; path = "../Frameworks/Images/Facebook-76@3x.png"; sourceTree = "<group>"; };
		CD256D722042E7730086EAAB /* Google+-60@3x.png */ = {isa = PBXFileReference; lastKnownFileType = image.png; name = "Google+-60@3x.png"; path = "../Frameworks/Images/Google+-60@3x.png"; sourceTree = "<group>"; };
		CD256D732042E7730086EAAB /* Facebook-76.png */ = {isa = PBXFileReference; lastKnownFileType = image.png; name = "Facebook-76.png"; path = "../Frameworks/Images/Facebook-76.png"; sourceTree = "<group>"; };
		CD256D742042E7730086EAAB /* Facebook-76@2x.png */ = {isa = PBXFileReference; lastKnownFileType = image.png; name = "Facebook-76@2x.png"; path = "../Frameworks/Images/Facebook-76@2x.png"; sourceTree = "<group>"; };
		CD256D752042E7730086EAAB /* iCloud-76@2x.png */ = {isa = PBXFileReference; lastKnownFileType = image.png; name = "iCloud-76@2x.png"; path = "../Frameworks/Images/iCloud-76@2x.png"; sourceTree = "<group>"; };
		CD256D762042E7730086EAAB /* Facebook-60@3x.png */ = {isa = PBXFileReference; lastKnownFileType = image.png; name = "Facebook-60@3x.png"; path = "../Frameworks/Images/Facebook-60@3x.png"; sourceTree = "<group>"; };
		CD256D772042E7730086EAAB /* Google+-60.png */ = {isa = PBXFileReference; lastKnownFileType = image.png; name = "Google+-60.png"; path = "../Frameworks/Images/Google+-60.png"; sourceTree = "<group>"; };
		CD256D782042E7730086EAAB /* Facebook-60.png */ = {isa = PBXFileReference; lastKnownFileType = image.png; name = "Facebook-60.png"; path = "../Frameworks/Images/Facebook-60.png"; sourceTree = "<group>"; };
		CD256D792042E7730086EAAB /* Google+-76@2x.png */ = {isa = PBXFileReference; lastKnownFileType = image.png; name = "Google+-76@2x.png"; path = "../Frameworks/Images/Google+-76@2x.png"; sourceTree = "<group>"; };
		CD256D7A2042E7740086EAAB /* Google+-76@3x.png */ = {isa = PBXFileReference; lastKnownFileType = image.png; name = "Google+-76@3x.png"; path = "../Frameworks/Images/Google+-76@3x.png"; sourceTree = "<group>"; };
		CD256D8D2042E77F0086EAAB /* Twitter-60@2x.png */ = {isa = PBXFileReference; lastKnownFileType = image.png; name = "Twitter-60@2x.png"; path = "../Frameworks/Images/Twitter-60@2x.png"; sourceTree = "<group>"; };
		CD256D8E2042E77F0086EAAB /* VK-76.png */ = {isa = PBXFileReference; lastKnownFileType = image.png; name = "VK-76.png"; path = "../Frameworks/Images/VK-76.png"; sourceTree = "<group>"; };
		CD256D8F2042E77F0086EAAB /* Twitter-60.png */ = {isa = PBXFileReference; lastKnownFileType = image.png; name = "Twitter-60.png"; path = "../Frameworks/Images/Twitter-60.png"; sourceTree = "<group>"; };
		CD256D902042E7800086EAAB /* Twitter-60@3x.png */ = {isa = PBXFileReference; lastKnownFileType = image.png; name = "Twitter-60@3x.png"; path = "../Frameworks/Images/Twitter-60@3x.png"; sourceTree = "<group>"; };
		CD256D912042E7800086EAAB /* VK-60@2x.png */ = {isa = PBXFileReference; lastKnownFileType = image.png; name = "VK-60@2x.png"; path = "../Frameworks/Images/VK-60@2x.png"; sourceTree = "<group>"; };
		CD256D922042E7800086EAAB /* VK-60@3x.png */ = {isa = PBXFileReference; lastKnownFileType = image.png; name = "VK-60@3x.png"; path = "../Frameworks/Images/VK-60@3x.png"; sourceTree = "<group>"; };
		CD256D932042E7800086EAAB /* VK-76@2x.png */ = {isa = PBXFileReference; lastKnownFileType = image.png; name = "VK-76@2x.png"; path = "../Frameworks/Images/VK-76@2x.png"; sourceTree = "<group>"; };
		CD256D942042E7800086EAAB /* VK-76@3x.png */ = {isa = PBXFileReference; lastKnownFileType = image.png; name = "VK-76@3x.png"; path = "../Frameworks/Images/VK-76@3x.png"; sourceTree = "<group>"; };
		CD256D952042E7800086EAAB /* Twitter-76@2x.png */ = {isa = PBXFileReference; lastKnownFileType = image.png; name = "Twitter-76@2x.png"; path = "../Frameworks/Images/Twitter-76@2x.png"; sourceTree = "<group>"; };
		CD256D962042E7800086EAAB /* Twitter-76.png */ = {isa = PBXFileReference; lastKnownFileType = image.png; name = "Twitter-76.png"; path = "../Frameworks/Images/Twitter-76.png"; sourceTree = "<group>"; };
		CD256D972042E7810086EAAB /* Twitter-76@3x.png */ = {isa = PBXFileReference; lastKnownFileType = image.png; name = "Twitter-76@3x.png"; path = "../Frameworks/Images/Twitter-76@3x.png"; sourceTree = "<group>"; };
		CD256D982042E7810086EAAB /* VK-60.png */ = {isa = PBXFileReference; lastKnownFileType = image.png; name = "VK-60.png"; path = "../Frameworks/Images/VK-60.png"; sourceTree = "<group>"; };
		CD256DA52043045E0086EAAB /* SKInAppPurchase.h */ = {isa = PBXFileReference; fileEncoding = 4; lastKnownFileType = sourcecode.c.h; name = SKInAppPurchase.h; path = "../Objective Sea/SKInAppPurchase.h"; sourceTree = "<group>"; };
		CD256DA62043045E0086EAAB /* SKInAppPurchase.m */ = {isa = PBXFileReference; fileEncoding = 4; lastKnownFileType = sourcecode.c.objc; name = SKInAppPurchase.m; path = "../Objective Sea/SKInAppPurchase.m"; sourceTree = "<group>"; };
		CD256DA72043045E0086EAAB /* StoreKit+Convenience.h */ = {isa = PBXFileReference; fileEncoding = 4; lastKnownFileType = sourcecode.c.h; name = "StoreKit+Convenience.h"; path = "../Objective Sea/StoreKit+Convenience.h"; sourceTree = "<group>"; };
		CD256DA82043045E0086EAAB /* StoreKit+Convenience.m */ = {isa = PBXFileReference; fileEncoding = 4; lastKnownFileType = sourcecode.c.objc; name = "StoreKit+Convenience.m"; path = "../Objective Sea/StoreKit+Convenience.m"; sourceTree = "<group>"; };
		CD256DAB20430DD10086EAAB /* QuartzCore+Convenience.h */ = {isa = PBXFileReference; fileEncoding = 4; lastKnownFileType = sourcecode.c.h; name = "QuartzCore+Convenience.h"; path = "../Objective Sea/QuartzCore+Convenience.h"; sourceTree = "<group>"; };
		CD256DAC20430DD20086EAAB /* QuartzCore+Convenience.m */ = {isa = PBXFileReference; fileEncoding = 4; lastKnownFileType = sourcecode.c.objc; name = "QuartzCore+Convenience.m"; path = "../Objective Sea/QuartzCore+Convenience.m"; sourceTree = "<group>"; };
		CD25C6D720B6B16F00D979FB /* FIRVision+Convenience.h */ = {isa = PBXFileReference; lastKnownFileType = sourcecode.c.h; name = "FIRVision+Convenience.h"; path = "../Objective Sea/FIRVision+Convenience.h"; sourceTree = "<group>"; };
		CD25C6D820B6B16F00D979FB /* FIRVision+Convenience.m */ = {isa = PBXFileReference; lastKnownFileType = sourcecode.c.objc; name = "FIRVision+Convenience.m"; path = "../Objective Sea/FIRVision+Convenience.m"; sourceTree = "<group>"; };
		CD30D8A1207000F200028C8D /* PhotoLibrary.h */ = {isa = PBXFileReference; lastKnownFileType = sourcecode.c.h; path = PhotoLibrary.h; sourceTree = "<group>"; };
		CD30D8A2207000F200028C8D /* PhotoLibrary.m */ = {isa = PBXFileReference; lastKnownFileType = sourcecode.c.objc; path = PhotoLibrary.m; sourceTree = "<group>"; };
		CD36C5F82041BFC10029FA9C /* NavigationController.h */ = {isa = PBXFileReference; lastKnownFileType = sourcecode.c.h; path = NavigationController.h; sourceTree = "<group>"; };
		CD36C5F92041BFC10029FA9C /* NavigationController.m */ = {isa = PBXFileReference; lastKnownFileType = sourcecode.c.objc; path = NavigationController.m; sourceTree = "<group>"; };
		CD36C5FD2041C2B60029FA9C /* UIAlertController+Convenience.m */ = {isa = PBXFileReference; fileEncoding = 4; lastKnownFileType = sourcecode.c.objc; name = "UIAlertController+Convenience.m"; path = "../Objective Sea/UIAlertController+Convenience.m"; sourceTree = "<group>"; };
		CD36C5FE2041C2B60029FA9C /* NSBundle+Convenience.h */ = {isa = PBXFileReference; fileEncoding = 4; lastKnownFileType = sourcecode.c.h; name = "NSBundle+Convenience.h"; path = "../Objective Sea/NSBundle+Convenience.h"; sourceTree = "<group>"; };
		CD36C5FF2041C2B60029FA9C /* Photos+Convenience.m */ = {isa = PBXFileReference; fileEncoding = 4; lastKnownFileType = sourcecode.c.objc; name = "Photos+Convenience.m"; path = "../Objective Sea/Photos+Convenience.m"; sourceTree = "<group>"; };
		CD36C6002041C2B70029FA9C /* Dispatch+Convenience.h */ = {isa = PBXFileReference; fileEncoding = 4; lastKnownFileType = sourcecode.c.h; name = "Dispatch+Convenience.h"; path = "../Objective Sea/Dispatch+Convenience.h"; sourceTree = "<group>"; };
		CD36C6012041C2B70029FA9C /* UIImage+Convenience.h */ = {isa = PBXFileReference; fileEncoding = 4; lastKnownFileType = sourcecode.c.h; name = "UIImage+Convenience.h"; path = "../Objective Sea/UIImage+Convenience.h"; sourceTree = "<group>"; };
		CD36C6022041C2B70029FA9C /* UIImage+Convenience.m */ = {isa = PBXFileReference; fileEncoding = 4; lastKnownFileType = sourcecode.c.objc; name = "UIImage+Convenience.m"; path = "../Objective Sea/UIImage+Convenience.m"; sourceTree = "<group>"; };
		CD36C6032041C2B70029FA9C /* UIView+Convenience.m */ = {isa = PBXFileReference; fileEncoding = 4; lastKnownFileType = sourcecode.c.objc; name = "UIView+Convenience.m"; path = "../Objective Sea/UIView+Convenience.m"; sourceTree = "<group>"; };
		CD36C6042041C2B70029FA9C /* NSArray+Convenience.m */ = {isa = PBXFileReference; fileEncoding = 4; lastKnownFileType = sourcecode.c.objc; name = "NSArray+Convenience.m"; path = "../Objective Sea/NSArray+Convenience.m"; sourceTree = "<group>"; };
		CD36C6052041C2B70029FA9C /* Dispatch+Convenience.m */ = {isa = PBXFileReference; fileEncoding = 4; lastKnownFileType = sourcecode.c.objc; name = "Dispatch+Convenience.m"; path = "../Objective Sea/Dispatch+Convenience.m"; sourceTree = "<group>"; };
		CD36C6062041C2B70029FA9C /* UIApplication+Convenience.m */ = {isa = PBXFileReference; fileEncoding = 4; lastKnownFileType = sourcecode.c.objc; name = "UIApplication+Convenience.m"; path = "../Objective Sea/UIApplication+Convenience.m"; sourceTree = "<group>"; };
		CD36C6072041C2B70029FA9C /* UIActivityViewController+Convenience.h */ = {isa = PBXFileReference; fileEncoding = 4; lastKnownFileType = sourcecode.c.h; name = "UIActivityViewController+Convenience.h"; path = "../Objective Sea/UIActivityViewController+Convenience.h"; sourceTree = "<group>"; };
		CD36C6082041C2B70029FA9C /* UIActivityViewController+Convenience.m */ = {isa = PBXFileReference; fileEncoding = 4; lastKnownFileType = sourcecode.c.objc; name = "UIActivityViewController+Convenience.m"; path = "../Objective Sea/UIActivityViewController+Convenience.m"; sourceTree = "<group>"; };
		CD36C6092041C2B70029FA9C /* NSArray+Convenience.h */ = {isa = PBXFileReference; fileEncoding = 4; lastKnownFileType = sourcecode.c.h; name = "NSArray+Convenience.h"; path = "../Objective Sea/NSArray+Convenience.h"; sourceTree = "<group>"; };
		CD36C60A2041C2B70029FA9C /* NSLayoutConstraint+Convenience.m */ = {isa = PBXFileReference; fileEncoding = 4; lastKnownFileType = sourcecode.c.objc; name = "NSLayoutConstraint+Convenience.m"; path = "../Objective Sea/NSLayoutConstraint+Convenience.m"; sourceTree = "<group>"; };
		CD36C60B2041C2B70029FA9C /* UIScrollView+Convenience.m */ = {isa = PBXFileReference; fileEncoding = 4; lastKnownFileType = sourcecode.c.objc; name = "UIScrollView+Convenience.m"; path = "../Objective Sea/UIScrollView+Convenience.m"; sourceTree = "<group>"; };
		CD36C60C2041C2B70029FA9C /* NSBundle+Convenience.m */ = {isa = PBXFileReference; fileEncoding = 4; lastKnownFileType = sourcecode.c.objc; name = "NSBundle+Convenience.m"; path = "../Objective Sea/NSBundle+Convenience.m"; sourceTree = "<group>"; };
		CD36C60D2041C2B70029FA9C /* CoreImage+Convenience.m */ = {isa = PBXFileReference; fileEncoding = 4; lastKnownFileType = sourcecode.c.objc; name = "CoreImage+Convenience.m"; path = "../Objective Sea/CoreImage+Convenience.m"; sourceTree = "<group>"; };
		CD36C60E2041C2B70029FA9C /* UIScrollView+Convenience.h */ = {isa = PBXFileReference; fileEncoding = 4; lastKnownFileType = sourcecode.c.h; name = "UIScrollView+Convenience.h"; path = "../Objective Sea/UIScrollView+Convenience.h"; sourceTree = "<group>"; };
		CD36C60F2041C2B70029FA9C /* NSObject+Convenience.h */ = {isa = PBXFileReference; fileEncoding = 4; lastKnownFileType = sourcecode.c.h; name = "NSObject+Convenience.h"; path = "../Objective Sea/NSObject+Convenience.h"; sourceTree = "<group>"; };
		CD36C6102041C2B70029FA9C /* NSFormatter+Convenience.h */ = {isa = PBXFileReference; fileEncoding = 4; lastKnownFileType = sourcecode.c.h; name = "NSFormatter+Convenience.h"; path = "../Objective Sea/NSFormatter+Convenience.h"; sourceTree = "<group>"; };
		CD36C6112041C2B70029FA9C /* NSFileManager+Convenience.h */ = {isa = PBXFileReference; fileEncoding = 4; lastKnownFileType = sourcecode.c.h; name = "NSFileManager+Convenience.h"; path = "../Objective Sea/NSFileManager+Convenience.h"; sourceTree = "<group>"; };
		CD36C6122041C2B80029FA9C /* UIAlertController+Convenience.h */ = {isa = PBXFileReference; fileEncoding = 4; lastKnownFileType = sourcecode.c.h; name = "UIAlertController+Convenience.h"; path = "../Objective Sea/UIAlertController+Convenience.h"; sourceTree = "<group>"; };
		CD36C6132041C2B80029FA9C /* CoreGraphics+Convenience.h */ = {isa = PBXFileReference; fileEncoding = 4; lastKnownFileType = sourcecode.c.h; name = "CoreGraphics+Convenience.h"; path = "../Objective Sea/CoreGraphics+Convenience.h"; sourceTree = "<group>"; };
		CD36C6142041C2B80029FA9C /* UIActivity+Convenience.m */ = {isa = PBXFileReference; fileEncoding = 4; lastKnownFileType = sourcecode.c.objc; name = "UIActivity+Convenience.m"; path = "../Objective Sea/UIActivity+Convenience.m"; sourceTree = "<group>"; };
		CD36C6152041C2B80029FA9C /* UIDocumentPickerViewController+Convenience.m */ = {isa = PBXFileReference; fileEncoding = 4; lastKnownFileType = sourcecode.c.objc; name = "UIDocumentPickerViewController+Convenience.m"; path = "../Objective Sea/UIDocumentPickerViewController+Convenience.m"; sourceTree = "<group>"; };
		CD36C6162041C2B80029FA9C /* UIView+Convenience.h */ = {isa = PBXFileReference; fileEncoding = 4; lastKnownFileType = sourcecode.c.h; name = "UIView+Convenience.h"; path = "../Objective Sea/UIView+Convenience.h"; sourceTree = "<group>"; };
		CD36C6172041C2B80029FA9C /* UIViewController+Convenience.h */ = {isa = PBXFileReference; fileEncoding = 4; lastKnownFileType = sourcecode.c.h; name = "UIViewController+Convenience.h"; path = "../Objective Sea/UIViewController+Convenience.h"; sourceTree = "<group>"; };
		CD36C6182041C2B80029FA9C /* UIViewController+Convenience.m */ = {isa = PBXFileReference; fileEncoding = 4; lastKnownFileType = sourcecode.c.objc; name = "UIViewController+Convenience.m"; path = "../Objective Sea/UIViewController+Convenience.m"; sourceTree = "<group>"; };
		CD36C6192041C2B80029FA9C /* UINavigationController+Convenience.h */ = {isa = PBXFileReference; fileEncoding = 4; lastKnownFileType = sourcecode.c.h; name = "UINavigationController+Convenience.h"; path = "../Objective Sea/UINavigationController+Convenience.h"; sourceTree = "<group>"; };
		CD36C61A2041C2B80029FA9C /* NSFormatter+Convenience.m */ = {isa = PBXFileReference; fileEncoding = 4; lastKnownFileType = sourcecode.c.objc; name = "NSFormatter+Convenience.m"; path = "../Objective Sea/NSFormatter+Convenience.m"; sourceTree = "<group>"; };
		CD36C61B2041C2B80029FA9C /* UIActivity+Convenience.h */ = {isa = PBXFileReference; fileEncoding = 4; lastKnownFileType = sourcecode.c.h; name = "UIActivity+Convenience.h"; path = "../Objective Sea/UIActivity+Convenience.h"; sourceTree = "<group>"; };
		CD36C61C2041C2B80029FA9C /* UINavigationController+Convenience.m */ = {isa = PBXFileReference; fileEncoding = 4; lastKnownFileType = sourcecode.c.objc; name = "UINavigationController+Convenience.m"; path = "../Objective Sea/UINavigationController+Convenience.m"; sourceTree = "<group>"; };
		CD36C61D2041C2B80029FA9C /* Photos+Convenience.h */ = {isa = PBXFileReference; fileEncoding = 4; lastKnownFileType = sourcecode.c.h; name = "Photos+Convenience.h"; path = "../Objective Sea/Photos+Convenience.h"; sourceTree = "<group>"; };
		CD36C61E2041C2B80029FA9C /* UIDocumentPickerViewController+Convenience.h */ = {isa = PBXFileReference; fileEncoding = 4; lastKnownFileType = sourcecode.c.h; name = "UIDocumentPickerViewController+Convenience.h"; path = "../Objective Sea/UIDocumentPickerViewController+Convenience.h"; sourceTree = "<group>"; };
		CD36C61F2041C2B90029FA9C /* NSURL+Convenience.m */ = {isa = PBXFileReference; fileEncoding = 4; lastKnownFileType = sourcecode.c.objc; name = "NSURL+Convenience.m"; path = "../Objective Sea/NSURL+Convenience.m"; sourceTree = "<group>"; };
		CD36C6202041C2B90029FA9C /* CoreImage+Convenience.h */ = {isa = PBXFileReference; fileEncoding = 4; lastKnownFileType = sourcecode.c.h; name = "CoreImage+Convenience.h"; path = "../Objective Sea/CoreImage+Convenience.h"; sourceTree = "<group>"; };
		CD36C6212041C2B90029FA9C /* NSFileManager+Convenience.m */ = {isa = PBXFileReference; fileEncoding = 4; lastKnownFileType = sourcecode.c.objc; name = "NSFileManager+Convenience.m"; path = "../Objective Sea/NSFileManager+Convenience.m"; sourceTree = "<group>"; };
		CD36C6222041C2B90029FA9C /* NSLayoutConstraint+Convenience.h */ = {isa = PBXFileReference; fileEncoding = 4; lastKnownFileType = sourcecode.c.h; name = "NSLayoutConstraint+Convenience.h"; path = "../Objective Sea/NSLayoutConstraint+Convenience.h"; sourceTree = "<group>"; };
		CD36C6232041C2B90029FA9C /* NSURL+Convenience.h */ = {isa = PBXFileReference; fileEncoding = 4; lastKnownFileType = sourcecode.c.h; name = "NSURL+Convenience.h"; path = "../Objective Sea/NSURL+Convenience.h"; sourceTree = "<group>"; };
		CD36C6242041C2B90029FA9C /* UIApplication+Convenience.h */ = {isa = PBXFileReference; fileEncoding = 4; lastKnownFileType = sourcecode.c.h; name = "UIApplication+Convenience.h"; path = "../Objective Sea/UIApplication+Convenience.h"; sourceTree = "<group>"; };
		CD36C6252041C2B90029FA9C /* NSObject+Convenience.m */ = {isa = PBXFileReference; fileEncoding = 4; lastKnownFileType = sourcecode.c.objc; name = "NSObject+Convenience.m"; path = "../Objective Sea/NSObject+Convenience.m"; sourceTree = "<group>"; };
		CD36C63C2041C5280029FA9C /* circle-line@2x.png */ = {isa = PBXFileReference; lastKnownFileType = image.png; name = "circle-line@2x.png"; path = "../Frameworks/Images/circle-line@2x.png"; sourceTree = "<group>"; };
		CD36C6402041DBEF0029FA9C /* scans-30@3x.png */ = {isa = PBXFileReference; lastKnownFileType = image.png; name = "scans-30@3x.png"; path = "Images/scans-30@3x.png"; sourceTree = "<group>"; };
		CD3F267320B9A7D20016C2F0 /* info-fill@2x.png */ = {isa = PBXFileReference; lastKnownFileType = image.png; name = "info-fill@2x.png"; path = "../Frameworks/Images/info-fill@2x.png"; sourceTree = "<group>"; };
		CD3F267520B9A8DE0016C2F0 /* camera-fill@2x.png */ = {isa = PBXFileReference; lastKnownFileType = image.png; name = "camera-fill@2x.png"; path = "../Frameworks/Images/camera-fill@2x.png"; sourceTree = "<group>"; };
		CD438C6620B0B6B600189B71 /* GoogleService-Info.plist */ = {isa = PBXFileReference; fileEncoding = 4; lastKnownFileType = text.plist.xml; path = "GoogleService-Info.plist"; sourceTree = "<group>"; };
		CD466434205C203B002F068A /* RectangleController.h */ = {isa = PBXFileReference; lastKnownFileType = sourcecode.c.h; path = RectangleController.h; sourceTree = "<group>"; };
		CD466435205C203B002F068A /* RectangleController.m */ = {isa = PBXFileReference; lastKnownFileType = sourcecode.c.objc; path = RectangleController.m; sourceTree = "<group>"; };
		CD538BEF20B88E8C004956D1 /* UISearchController+Convenience.h */ = {isa = PBXFileReference; fileEncoding = 4; lastKnownFileType = sourcecode.c.h; name = "UISearchController+Convenience.h"; path = "../Objective Sea/UISearchController+Convenience.h"; sourceTree = "<group>"; };
		CD538BF020B88E8C004956D1 /* UISearchController+Convenience.m */ = {isa = PBXFileReference; fileEncoding = 4; lastKnownFileType = sourcecode.c.objc; name = "UISearchController+Convenience.m"; path = "../Objective Sea/UISearchController+Convenience.m"; sourceTree = "<group>"; };
		CD662FBF1FC701E1002BA3F8 /* Scans.app */ = {isa = PBXFileReference; explicitFileType = wrapper.application; includeInIndex = 0; path = Scans.app; sourceTree = BUILT_PRODUCTS_DIR; };
		CD662FC21FC701E1002BA3F8 /* AppDelegate.h */ = {isa = PBXFileReference; lastKnownFileType = sourcecode.c.h; path = AppDelegate.h; sourceTree = "<group>"; };
		CD662FC31FC701E2002BA3F8 /* AppDelegate.m */ = {isa = PBXFileReference; lastKnownFileType = sourcecode.c.objc; path = AppDelegate.m; sourceTree = "<group>"; };
		CD662FC51FC701E2002BA3F8 /* ViewController.h */ = {isa = PBXFileReference; lastKnownFileType = sourcecode.c.h; path = ViewController.h; sourceTree = "<group>"; };
		CD662FC61FC701E2002BA3F8 /* ViewController.m */ = {isa = PBXFileReference; lastKnownFileType = sourcecode.c.objc; path = ViewController.m; sourceTree = "<group>"; };
		CD662FC91FC701E2002BA3F8 /* Base */ = {isa = PBXFileReference; lastKnownFileType = file.storyboard; name = Base; path = Base.lproj/Main.storyboard; sourceTree = "<group>"; };
		CD662FCC1FC701E2002BA3F8 /* Scans.xcdatamodel */ = {isa = PBXFileReference; lastKnownFileType = wrapper.xcdatamodel; path = Scans.xcdatamodel; sourceTree = "<group>"; };
		CD662FCE1FC701E2002BA3F8 /* Assets.xcassets */ = {isa = PBXFileReference; lastKnownFileType = folder.assetcatalog; path = Assets.xcassets; sourceTree = "<group>"; };
		CD662FD11FC701E2002BA3F8 /* Base */ = {isa = PBXFileReference; lastKnownFileType = file.storyboard; name = Base; path = Base.lproj/LaunchScreen.storyboard; sourceTree = "<group>"; };
		CD662FD31FC701E2002BA3F8 /* Info.plist */ = {isa = PBXFileReference; lastKnownFileType = text.plist.xml; path = Info.plist; sourceTree = "<group>"; };
		CD662FD41FC701E2002BA3F8 /* main.m */ = {isa = PBXFileReference; lastKnownFileType = sourcecode.c.objc; path = main.m; sourceTree = "<group>"; };
		CD662FE81FC70ECD002BA3F8 /* PHAssetController.h */ = {isa = PBXFileReference; lastKnownFileType = sourcecode.c.h; path = PHAssetController.h; sourceTree = "<group>"; };
		CD662FE91FC70ECD002BA3F8 /* PHAssetController.m */ = {isa = PBXFileReference; lastKnownFileType = sourcecode.c.objc; path = PHAssetController.m; sourceTree = "<group>"; };
		CD662FF41FC73B27002BA3F8 /* VNTextCollectionController.h */ = {isa = PBXFileReference; lastKnownFileType = sourcecode.c.h; path = VNTextCollectionController.h; sourceTree = "<group>"; };
		CD662FF51FC73B27002BA3F8 /* VNTextCollectionController.m */ = {isa = PBXFileReference; lastKnownFileType = sourcecode.c.objc; path = VNTextCollectionController.m; sourceTree = "<group>"; };
		CD66F3D22044858B00050C65 /* Vision+Convenience.h */ = {isa = PBXFileReference; lastKnownFileType = sourcecode.c.h; name = "Vision+Convenience.h"; path = "../Objective Sea/Vision+Convenience.h"; sourceTree = "<group>"; };
		CD66F3D32044858B00050C65 /* Vision+Convenience.m */ = {isa = PBXFileReference; lastKnownFileType = sourcecode.c.objc; name = "Vision+Convenience.m"; path = "../Objective Sea/Vision+Convenience.m"; sourceTree = "<group>"; };
		CD8157B22059757D007EAEC6 /* UIImagePickerController+Convenience.h */ = {isa = PBXFileReference; fileEncoding = 4; lastKnownFileType = sourcecode.c.h; name = "UIImagePickerController+Convenience.h"; path = "../Objective Sea/UIImagePickerController+Convenience.h"; sourceTree = "<group>"; };
		CD8157B32059757D007EAEC6 /* UIImagePickerController+Convenience.m */ = {isa = PBXFileReference; fileEncoding = 4; lastKnownFileType = sourcecode.c.objc; name = "UIImagePickerController+Convenience.m"; path = "../Objective Sea/UIImagePickerController+Convenience.m"; sourceTree = "<group>"; };
		CD822B89206D602700F2112F /* AVCaptureSession+Convenience.h */ = {isa = PBXFileReference; lastKnownFileType = sourcecode.c.h; name = "AVCaptureSession+Convenience.h"; path = "../Objective Sea/AVCaptureSession+Convenience.h"; sourceTree = "<group>"; };
		CD822B8A206D602700F2112F /* AVCaptureSession+Convenience.m */ = {isa = PBXFileReference; lastKnownFileType = sourcecode.c.objc; name = "AVCaptureSession+Convenience.m"; path = "../Objective Sea/AVCaptureSession+Convenience.m"; sourceTree = "<group>"; };
		CD84E14720C2C9DC00286E27 /* Reachability.h */ = {isa = PBXFileReference; fileEncoding = 4; lastKnownFileType = sourcecode.c.h; name = Reachability.h; path = ../Frameworks/Source/Reachability/Reachability/Reachability.h; sourceTree = "<group>"; };
		CD84E14820C2C9DC00286E27 /* Reachability.m */ = {isa = PBXFileReference; fileEncoding = 4; lastKnownFileType = sourcecode.c.objc; name = Reachability.m; path = ../Frameworks/Source/Reachability/Reachability/Reachability.m; sourceTree = "<group>"; };
		CDC08DE52045C07C009C6AD0 /* VNTextPagingController.h */ = {isa = PBXFileReference; lastKnownFileType = sourcecode.c.h; path = VNTextPagingController.h; sourceTree = "<group>"; };
		CDC08DE62045C07C009C6AD0 /* VNTextPagingController.m */ = {isa = PBXFileReference; lastKnownFileType = sourcecode.c.objc; path = VNTextPagingController.m; sourceTree = "<group>"; };
		CDC08DE82045E18C009C6AD0 /* PHAssetPagingController.h */ = {isa = PBXFileReference; lastKnownFileType = sourcecode.c.h; path = PHAssetPagingController.h; sourceTree = "<group>"; };
		CDC08DE92045E18C009C6AD0 /* PHAssetPagingController.m */ = {isa = PBXFileReference; lastKnownFileType = sourcecode.c.objc; path = PHAssetPagingController.m; sourceTree = "<group>"; };
		CDC92D002072824C00287A55 /* TextDetector.h */ = {isa = PBXFileReference; lastKnownFileType = sourcecode.c.h; path = TextDetector.h; sourceTree = "<group>"; };
		CDC92D012072824C00287A55 /* TextDetector.m */ = {isa = PBXFileReference; lastKnownFileType = sourcecode.c.objc; path = TextDetector.m; sourceTree = "<group>"; };
		CDDBBE83203F4D3100E9E325 /* UIImageController.h */ = {isa = PBXFileReference; lastKnownFileType = sourcecode.c.h; path = UIImageController.h; sourceTree = "<group>"; };
		CDDBBE84203F4D3100E9E325 /* UIImageController.m */ = {isa = PBXFileReference; lastKnownFileType = sourcecode.c.objc; path = UIImageController.m; sourceTree = "<group>"; };
		CDE0055D206E6BE100EA1C2F /* photos-120@3x.png */ = {isa = PBXFileReference; lastKnownFileType = image.png; name = "photos-120@3x.png"; path = "Images/photos-120@3x.png"; sourceTree = "<group>"; };
		CDE33ABB20485FA700F89AD8 /* CollectionTransition.h */ = {isa = PBXFileReference; lastKnownFileType = sourcecode.c.h; path = CollectionTransition.h; sourceTree = "<group>"; };
		CDE33ABC20485FA700F89AD8 /* CollectionTransition.m */ = {isa = PBXFileReference; lastKnownFileType = sourcecode.c.objc; path = CollectionTransition.m; sourceTree = "<group>"; };
		CDE33ABE2048611300F89AD8 /* CoreData+Convenience.m */ = {isa = PBXFileReference; fileEncoding = 4; lastKnownFileType = sourcecode.c.objc; name = "CoreData+Convenience.m"; path = "../Objective Sea/CoreData+Convenience.m"; sourceTree = "<group>"; };
		CDE33ABF2048611300F89AD8 /* CoreData+Convenience.h */ = {isa = PBXFileReference; fileEncoding = 4; lastKnownFileType = sourcecode.c.h; name = "CoreData+Convenience.h"; path = "../Objective Sea/CoreData+Convenience.h"; sourceTree = "<group>"; };
		CDE33AC12048640800F89AD8 /* Scans.entitlements */ = {isa = PBXFileReference; lastKnownFileType = text.plist.entitlements; path = Scans.entitlements; sourceTree = "<group>"; };
		CDE33AD220486F8800F89AD8 /* Model+Convenience.h */ = {isa = PBXFileReference; lastKnownFileType = sourcecode.c.h; path = "Model+Convenience.h"; sourceTree = "<group>"; };
		CDE33AD320486F8800F89AD8 /* Model+Convenience.m */ = {isa = PBXFileReference; lastKnownFileType = sourcecode.c.objc; path = "Model+Convenience.m"; sourceTree = "<group>"; };
		CDE33B3D2049936000F89AD8 /* UIPageViewController+Convenience.m */ = {isa = PBXFileReference; fileEncoding = 4; lastKnownFileType = sourcecode.c.objc; name = "UIPageViewController+Convenience.m"; path = "../Objective Sea/UIPageViewController+Convenience.m"; sourceTree = "<group>"; };
		CDE33B3E2049936000F89AD8 /* UIPageViewController+Convenience.h */ = {isa = PBXFileReference; fileEncoding = 4; lastKnownFileType = sourcecode.c.h; name = "UIPageViewController+Convenience.h"; path = "../Objective Sea/UIPageViewController+Convenience.h"; sourceTree = "<group>"; };
		CDFE017B2041F91300C5AC4E /* AboutController.h */ = {isa = PBXFileReference; lastKnownFileType = sourcecode.c.h; path = AboutController.h; sourceTree = "<group>"; };
		CDFE017C2041F91300C5AC4E /* AboutController.m */ = {isa = PBXFileReference; lastKnownFileType = sourcecode.c.objc; path = AboutController.m; sourceTree = "<group>"; };
		CDFE017E2041FD5A00C5AC4E /* chat-fill@2x.png */ = {isa = PBXFileReference; lastKnownFileType = image.png; name = "chat-fill@2x.png"; path = "../Frameworks/Images/chat-fill@2x.png"; sourceTree = "<group>"; };
		CDFE017F2041FD5A00C5AC4E /* envelope-fill@2x.png */ = {isa = PBXFileReference; lastKnownFileType = image.png; name = "envelope-fill@2x.png"; path = "../Frameworks/Images/envelope-fill@2x.png"; sourceTree = "<group>"; };
		CDFE01802041FD5A00C5AC4E /* moneybox-fill@2x.png */ = {isa = PBXFileReference; lastKnownFileType = image.png; name = "moneybox-fill@2x.png"; path = "../Frameworks/Images/moneybox-fill@2x.png"; sourceTree = "<group>"; };
		CDFE01812041FD5A00C5AC4E /* star-fill@2x.png */ = {isa = PBXFileReference; lastKnownFileType = image.png; name = "star-fill@2x.png"; path = "../Frameworks/Images/star-fill@2x.png"; sourceTree = "<group>"; };
/* End PBXFileReference section */

/* Begin PBXFrameworksBuildPhase section */
		CD662FBC1FC701E1002BA3F8 /* Frameworks */ = {
			isa = PBXFrameworksBuildPhase;
			buildActionMask = 2147483647;
			files = (
				822D7C178839E9C792CE9FA9 /* libPods-Scans.a in Frameworks */,
			);
			runOnlyForDeploymentPostprocessing = 0;
		};
/* End PBXFrameworksBuildPhase section */

/* Begin PBXGroup section */
		AB7BD18B7E1B516130D19ED3 /* Pods */ = {
			isa = PBXGroup;
			children = (
				C9B5A858E256402FEE551B8F /* Pods-Scans.debug.xcconfig */,
				76D341700BFF3A52D1DF6D6C /* Pods-Scans.release.xcconfig */,
			);
			name = Pods;
			sourceTree = "<group>";
		};
		CD256D5F2042E45E0086EAAB /* Frameworks */ = {
			isa = PBXGroup;
			children = (
				9359D7DDE193717C3AE91735 /* libPods-Scans.a */,
			);
			name = Frameworks;
			sourceTree = "<group>";
		};
		CD36C5FB2041C2130029FA9C /* Images */ = {
			isa = PBXGroup;
			children = (
				CDE0055D206E6BE100EA1C2F /* photos-120@3x.png */,
				CD36C6402041DBEF0029FA9C /* scans-30@3x.png */,
				CD3F267520B9A8DE0016C2F0 /* camera-fill@2x.png */,
				CD3F267320B9A7D20016C2F0 /* info-fill@2x.png */,
				CDFE017F2041FD5A00C5AC4E /* envelope-fill@2x.png */,
				CDFE017E2041FD5A00C5AC4E /* chat-fill@2x.png */,
				CDFE01812041FD5A00C5AC4E /* star-fill@2x.png */,
				CDFE01802041FD5A00C5AC4E /* moneybox-fill@2x.png */,
				CD36C63C2041C5280029FA9C /* circle-line@2x.png */,
				CD045942204B0940006D48D0 /* like-fill@2x.png */,
				CD045941204B0940006D48D0 /* like-line@2x.png */,
				CD256D782042E7730086EAAB /* Facebook-60.png */,
				CD256D6D2042E7720086EAAB /* Facebook-60@2x.png */,
				CD256D762042E7730086EAAB /* Facebook-60@3x.png */,
				CD256D732042E7730086EAAB /* Facebook-76.png */,
				CD256D742042E7730086EAAB /* Facebook-76@2x.png */,
				CD256D712042E7720086EAAB /* Facebook-76@3x.png */,
				CD256D772042E7730086EAAB /* Google+-60.png */,
				CD256D6F2042E7720086EAAB /* Google+-60@2x.png */,
				CD256D722042E7730086EAAB /* Google+-60@3x.png */,
				CD256D6B2042E7720086EAAB /* Google+-76.png */,
				CD256D792042E7730086EAAB /* Google+-76@2x.png */,
				CD256D7A2042E7740086EAAB /* Google+-76@3x.png */,
				CD256D692042E7710086EAAB /* iCloud-60.png */,
				CD256D702042E7720086EAAB /* iCloud-60@2x.png */,
				CD256D6E2042E7720086EAAB /* iCloud-60@3x.png */,
				CD256D6C2042E7720086EAAB /* iCloud-76.png */,
				CD256D752042E7730086EAAB /* iCloud-76@2x.png */,
				CD256D6A2042E7720086EAAB /* iCloud-76@3x.png */,
				CD256D8F2042E77F0086EAAB /* Twitter-60.png */,
				CD256D8D2042E77F0086EAAB /* Twitter-60@2x.png */,
				CD256D902042E7800086EAAB /* Twitter-60@3x.png */,
				CD256D962042E7800086EAAB /* Twitter-76.png */,
				CD256D952042E7800086EAAB /* Twitter-76@2x.png */,
				CD256D972042E7810086EAAB /* Twitter-76@3x.png */,
				CD256D982042E7810086EAAB /* VK-60.png */,
				CD256D912042E7800086EAAB /* VK-60@2x.png */,
				CD256D922042E7800086EAAB /* VK-60@3x.png */,
				CD256D8E2042E77F0086EAAB /* VK-76.png */,
				CD256D932042E7800086EAAB /* VK-76@2x.png */,
				CD256D942042E7800086EAAB /* VK-76@3x.png */,
			);
			name = Images;
			sourceTree = "<group>";
		};
		CD36C5FC2041C2190029FA9C /* Objective Sea */ = {
			isa = PBXGroup;
			children = (
				CD256D4D2042E0B60086EAAB /* Affiliates+Convenience.h */,
				CD256D4C2042E0B60086EAAB /* Affiliates+Convenience.m */,
				CD256D5C2042E1D90086EAAB /* Answers+Convenience.h */,
				CD256D5B2042E1D80086EAAB /* Answers+Convenience.m */,
				CD822B89206D602700F2112F /* AVCaptureSession+Convenience.h */,
				CD822B8A206D602700F2112F /* AVCaptureSession+Convenience.m */,
				CD256D532042E0DF0086EAAB /* CommonCrypto+Convenience.h */,
				CD256D522042E0DF0086EAAB /* CommonCrypto+Convenience.m */,
				CDE33ABF2048611300F89AD8 /* CoreData+Convenience.h */,
				CDE33ABE2048611300F89AD8 /* CoreData+Convenience.m */,
				CD36C6132041C2B80029FA9C /* CoreGraphics+Convenience.h */,
				CD36C6202041C2B90029FA9C /* CoreImage+Convenience.h */,
				CD36C60D2041C2B70029FA9C /* CoreImage+Convenience.m */,
				CD36C6002041C2B70029FA9C /* Dispatch+Convenience.h */,
				CD36C6052041C2B70029FA9C /* Dispatch+Convenience.m */,
				CD256D462042DFBD0086EAAB /* MessageUI+Convenience.h */,
				CD256D472042DFBD0086EAAB /* MessageUI+Convenience.m */,
				CD256D4A2042DFCD0086EAAB /* MobileCoreServices+Convenience.h */,
				CD256D492042DFCD0086EAAB /* MobileCoreServices+Convenience.m */,
				CD36C6092041C2B70029FA9C /* NSArray+Convenience.h */,
				CD36C6042041C2B70029FA9C /* NSArray+Convenience.m */,
				CD36C5FE2041C2B60029FA9C /* NSBundle+Convenience.h */,
				CD36C60C2041C2B70029FA9C /* NSBundle+Convenience.m */,
				CD256D552042E0F80086EAAB /* NSData+Convenience.h */,
				CD256D562042E0F80086EAAB /* NSData+Convenience.m */,
				CD256D662042E5D60086EAAB /* NSDictionary+Convenience.h */,
				CD256D672042E5D60086EAAB /* NSDictionary+Convenience.m */,
				CD36C6112041C2B70029FA9C /* NSFileManager+Convenience.h */,
				CD36C6212041C2B90029FA9C /* NSFileManager+Convenience.m */,
				CD36C6102041C2B70029FA9C /* NSFormatter+Convenience.h */,
				CD36C61A2041C2B80029FA9C /* NSFormatter+Convenience.m */,
				CD36C6222041C2B90029FA9C /* NSLayoutConstraint+Convenience.h */,
				CD36C60A2041C2B70029FA9C /* NSLayoutConstraint+Convenience.m */,
				CD36C60F2041C2B70029FA9C /* NSObject+Convenience.h */,
				CD36C6252041C2B90029FA9C /* NSObject+Convenience.m */,
				CD256D582042E12E0086EAAB /* NSString+Convenience.h */,
				CD256D592042E12E0086EAAB /* NSString+Convenience.m */,
				CD36C6232041C2B90029FA9C /* NSURL+Convenience.h */,
				CD36C61F2041C2B90029FA9C /* NSURL+Convenience.m */,
				CD256D4F2042E0CB0086EAAB /* NSURLSession+Convenience.h */,
				CD256D502042E0CC0086EAAB /* NSURLSession+Convenience.m */,
				CD04593C2049F922006D48D0 /* NSXMLDictionary.h */,
				CD04593B2049F922006D48D0 /* NSXMLDictionary.m */,
				CD36C61D2041C2B80029FA9C /* Photos+Convenience.h */,
				CD36C5FF2041C2B60029FA9C /* Photos+Convenience.m */,
				CD256DAB20430DD10086EAAB /* QuartzCore+Convenience.h */,
				CD256DAC20430DD20086EAAB /* QuartzCore+Convenience.m */,
				CD256DA52043045E0086EAAB /* SKInAppPurchase.h */,
				CD256DA62043045E0086EAAB /* SKInAppPurchase.m */,
				CD256DA72043045E0086EAAB /* StoreKit+Convenience.h */,
				CD256DA82043045E0086EAAB /* StoreKit+Convenience.m */,
				CD36C61B2041C2B80029FA9C /* UIActivity+Convenience.h */,
				CD36C6142041C2B80029FA9C /* UIActivity+Convenience.m */,
				CD36C6072041C2B70029FA9C /* UIActivityViewController+Convenience.h */,
				CD36C6082041C2B70029FA9C /* UIActivityViewController+Convenience.m */,
				CD36C6122041C2B80029FA9C /* UIAlertController+Convenience.h */,
				CD36C5FD2041C2B60029FA9C /* UIAlertController+Convenience.m */,
				CD36C6242041C2B90029FA9C /* UIApplication+Convenience.h */,
				CD36C6062041C2B70029FA9C /* UIApplication+Convenience.m */,
				CD36C61E2041C2B80029FA9C /* UIDocumentPickerViewController+Convenience.h */,
				CD36C6152041C2B80029FA9C /* UIDocumentPickerViewController+Convenience.m */,
				CD256D43204200560086EAAB /* UIGestureRecognizer+Convenience.h */,
				CD256D44204200560086EAAB /* UIGestureRecognizer+Convenience.m */,
				CD256D3D2041FFA90086EAAB /* UIGestureTransition.h */,
				CD256D3E2041FFA90086EAAB /* UIGestureTransition.m */,
				CD256D402041FFC00086EAAB /* UIInteractiveTransition.h */,
				CD256D412041FFC00086EAAB /* UIInteractiveTransition.m */,
				CD36C6012041C2B70029FA9C /* UIImage+Convenience.h */,
				CD36C6022041C2B70029FA9C /* UIImage+Convenience.m */,
				CD36C6192041C2B80029FA9C /* UINavigationController+Convenience.h */,
				CD8157B22059757D007EAEC6 /* UIImagePickerController+Convenience.h */,
				CD8157B32059757D007EAEC6 /* UIImagePickerController+Convenience.m */,
				CD36C61C2041C2B80029FA9C /* UINavigationController+Convenience.m */,
				CDE33B3E2049936000F89AD8 /* UIPageViewController+Convenience.h */,
				CDE33B3D2049936000F89AD8 /* UIPageViewController+Convenience.m */,
				CD538BEF20B88E8C004956D1 /* UISearchController+Convenience.h */,
				CD538BF020B88E8C004956D1 /* UISearchController+Convenience.m */,
				CD36C60E2041C2B70029FA9C /* UIScrollView+Convenience.h */,
				CD36C60B2041C2B70029FA9C /* UIScrollView+Convenience.m */,
				CD36C6162041C2B80029FA9C /* UIView+Convenience.h */,
				CD36C6032041C2B70029FA9C /* UIView+Convenience.m */,
				CD36C6172041C2B80029FA9C /* UIViewController+Convenience.h */,
				CD36C6182041C2B80029FA9C /* UIViewController+Convenience.m */,
				CD66F3D22044858B00050C65 /* Vision+Convenience.h */,
				CD66F3D32044858B00050C65 /* Vision+Convenience.m */,
				CD25C6D720B6B16F00D979FB /* FIRVision+Convenience.h */,
				CD25C6D820B6B16F00D979FB /* FIRVision+Convenience.m */,
			);
			name = "Objective Sea";
			sourceTree = "<group>";
		};
		CD662FB61FC701E1002BA3F8 = {
			isa = PBXGroup;
			children = (
				CD84E14620C2C9B800286E27 /* External */,
				CD36C5FC2041C2190029FA9C /* Objective Sea */,
				CD36C5FB2041C2130029FA9C /* Images */,
				CD662FC11FC701E1002BA3F8 /* Scans */,
				CD662FC01FC701E1002BA3F8 /* Products */,
				CD256D5F2042E45E0086EAAB /* Frameworks */,
				AB7BD18B7E1B516130D19ED3 /* Pods */,
			);
			sourceTree = "<group>";
		};
		CD662FC01FC701E1002BA3F8 /* Products */ = {
			isa = PBXGroup;
			children = (
				CD662FBF1FC701E1002BA3F8 /* Scans.app */,
			);
			name = Products;
			sourceTree = "<group>";
		};
		CD662FC11FC701E1002BA3F8 /* Scans */ = {
			isa = PBXGroup;
			children = (
				CDE33ABB20485FA700F89AD8 /* CollectionTransition.h */,
				CDE33ABC20485FA700F89AD8 /* CollectionTransition.m */,
				CD466434205C203B002F068A /* RectangleController.h */,
				CD466435205C203B002F068A /* RectangleController.m */,
				CDE33AD220486F8800F89AD8 /* Model+Convenience.h */,
				CDE33AD320486F8800F89AD8 /* Model+Convenience.m */,
				CD30D8A1207000F200028C8D /* PhotoLibrary.h */,
				CD30D8A2207000F200028C8D /* PhotoLibrary.m */,
				CDC92D002072824C00287A55 /* TextDetector.h */,
				CDC92D012072824C00287A55 /* TextDetector.m */,
				CDE33AC12048640800F89AD8 /* Scans.entitlements */,
				CD662FC21FC701E1002BA3F8 /* AppDelegate.h */,
				CD662FC31FC701E2002BA3F8 /* AppDelegate.m */,
				CD662FC51FC701E2002BA3F8 /* ViewController.h */,
				CD662FC61FC701E2002BA3F8 /* ViewController.m */,
				CD36C5F82041BFC10029FA9C /* NavigationController.h */,
				CD36C5F92041BFC10029FA9C /* NavigationController.m */,
				CDFE017B2041F91300C5AC4E /* AboutController.h */,
				CDFE017C2041F91300C5AC4E /* AboutController.m */,
				CD662FC81FC701E2002BA3F8 /* Main.storyboard */,
				CD662FCE1FC701E2002BA3F8 /* Assets.xcassets */,
				CD662FD01FC701E2002BA3F8 /* LaunchScreen.storyboard */,
				CD662FD31FC701E2002BA3F8 /* Info.plist */,
				CD662FD41FC701E2002BA3F8 /* main.m */,
				CD662FCB1FC701E2002BA3F8 /* Scans.xcdatamodeld */,
				CDDBBE83203F4D3100E9E325 /* UIImageController.h */,
				CDDBBE84203F4D3100E9E325 /* UIImageController.m */,
				CD662FE81FC70ECD002BA3F8 /* PHAssetController.h */,
				CD662FE91FC70ECD002BA3F8 /* PHAssetController.m */,
				CDC08DE82045E18C009C6AD0 /* PHAssetPagingController.h */,
				CDC08DE92045E18C009C6AD0 /* PHAssetPagingController.m */,
				CDC08DE52045C07C009C6AD0 /* VNTextPagingController.h */,
				CDC08DE62045C07C009C6AD0 /* VNTextPagingController.m */,
				CD662FF41FC73B27002BA3F8 /* VNTextCollectionController.h */,
				CD662FF51FC73B27002BA3F8 /* VNTextCollectionController.m */,
				CD438C6620B0B6B600189B71 /* GoogleService-Info.plist */,
			);
			path = Scans;
			sourceTree = "<group>";
		};
		CD84E14620C2C9B800286E27 /* External */ = {
			isa = PBXGroup;
			children = (
				CD84E14720C2C9DC00286E27 /* Reachability.h */,
				CD84E14820C2C9DC00286E27 /* Reachability.m */,
			);
			name = External;
			sourceTree = "<group>";
		};
/* End PBXGroup section */

/* Begin PBXNativeTarget section */
		CD662FBE1FC701E1002BA3F8 /* Scans */ = {
			isa = PBXNativeTarget;
			buildConfigurationList = CD662FD81FC701E2002BA3F8 /* Build configuration list for PBXNativeTarget "Scans" */;
			buildPhases = (
				A87638487CC339089672DC08 /* [CP] Check Pods Manifest.lock */,
				CD662FBB1FC701E1002BA3F8 /* Sources */,
				CD662FBC1FC701E1002BA3F8 /* Frameworks */,
				CD662FBD1FC701E1002BA3F8 /* Resources */,
				CD256D5E2042E36A0086EAAB /* ShellScript */,
				55B2AA0A2471CB67F582E69F /* [CP] Copy Pods Resources */,
			);
			buildRules = (
			);
			dependencies = (
			);
			name = Scans;
			productName = Scans;
			productReference = CD662FBF1FC701E1002BA3F8 /* Scans.app */;
			productType = "com.apple.product-type.application";
		};
/* End PBXNativeTarget section */

/* Begin PBXProject section */
		CD662FB71FC701E1002BA3F8 /* Project object */ = {
			isa = PBXProject;
			attributes = {
				LastUpgradeCheck = 0930;
				ORGANIZATIONNAME = "Alexander Ivanov";
				TargetAttributes = {
					CD662FBE1FC701E1002BA3F8 = {
						CreatedOnToolsVersion = 9.1;
						ProvisioningStyle = Automatic;
						SystemCapabilities = {
							com.apple.BackgroundModes = {
								enabled = 1;
							};
							com.apple.iCloud = {
								enabled = 1;
							};
						};
					};
				};
			};
			buildConfigurationList = CD662FBA1FC701E1002BA3F8 /* Build configuration list for PBXProject "Scans" */;
			compatibilityVersion = "Xcode 8.0";
			developmentRegion = en;
			hasScannedForEncodings = 0;
			knownRegions = (
				en,
				Base,
			);
			mainGroup = CD662FB61FC701E1002BA3F8;
			productRefGroup = CD662FC01FC701E1002BA3F8 /* Products */;
			projectDirPath = "";
			projectRoot = "";
			targets = (
				CD662FBE1FC701E1002BA3F8 /* Scans */,
			);
		};
/* End PBXProject section */

/* Begin PBXResourcesBuildPhase section */
		CD662FBD1FC701E1002BA3F8 /* Resources */ = {
			isa = PBXResourcesBuildPhase;
			buildActionMask = 2147483647;
			files = (
				CD256DA32042E7810086EAAB /* Twitter-76@3x.png in Resources */,
				CD256D842042E7740086EAAB /* Google+-60@3x.png in Resources */,
				CD256D832042E7740086EAAB /* Facebook-76@3x.png in Resources */,
				CD256DA22042E7810086EAAB /* Twitter-76.png in Resources */,
				CD256D8A2042E7740086EAAB /* Facebook-60.png in Resources */,
				CD256D862042E7740086EAAB /* Facebook-76@2x.png in Resources */,
				CD256D882042E7740086EAAB /* Facebook-60@3x.png in Resources */,
				CD256D872042E7740086EAAB /* iCloud-76@2x.png in Resources */,
				CD256D9E2042E7810086EAAB /* VK-60@3x.png in Resources */,
				CD3F267620B9A8DE0016C2F0 /* camera-fill@2x.png in Resources */,
				CD3F267420B9A7D30016C2F0 /* info-fill@2x.png in Resources */,
				CD36C63D2041C5290029FA9C /* circle-line@2x.png in Resources */,
				CD438C6720B0B6B600189B71 /* GoogleService-Info.plist in Resources */,
				CD256D9F2042E7810086EAAB /* VK-76@2x.png in Resources */,
				CD662FD21FC701E2002BA3F8 /* LaunchScreen.storyboard in Resources */,
				CD256D8B2042E7740086EAAB /* Google+-76@2x.png in Resources */,
				CD36C6412041DBF00029FA9C /* scans-30@3x.png in Resources */,
				CDE0055E206E6BE200EA1C2F /* photos-120@3x.png in Resources */,
				CD256D822042E7740086EAAB /* iCloud-60@2x.png in Resources */,
				CD256D7D2042E7740086EAAB /* Google+-76.png in Resources */,
				CD256D8C2042E7740086EAAB /* Google+-76@3x.png in Resources */,
				CD256D802042E7740086EAAB /* iCloud-60@3x.png in Resources */,
				CDFE01832041FD5B00C5AC4E /* envelope-fill@2x.png in Resources */,
				CD662FCF1FC701E2002BA3F8 /* Assets.xcassets in Resources */,
				CDFE01842041FD5B00C5AC4E /* moneybox-fill@2x.png in Resources */,
				CDFE01852041FD5B00C5AC4E /* star-fill@2x.png in Resources */,
				CD256D9C2042E7810086EAAB /* Twitter-60@3x.png in Resources */,
				CD045944204B0940006D48D0 /* like-fill@2x.png in Resources */,
				CD045943204B0940006D48D0 /* like-line@2x.png in Resources */,
				CD256D9A2042E7810086EAAB /* VK-76.png in Resources */,
				CD256DA42042E7810086EAAB /* VK-60.png in Resources */,
				CD256D812042E7740086EAAB /* Google+-60@2x.png in Resources */,
				CD256D7C2042E7740086EAAB /* iCloud-76@3x.png in Resources */,
				CD256D992042E7810086EAAB /* Twitter-60@2x.png in Resources */,
				CD256D852042E7740086EAAB /* Facebook-76.png in Resources */,
				CD256D7B2042E7740086EAAB /* iCloud-60.png in Resources */,
				CD256DA02042E7810086EAAB /* VK-76@3x.png in Resources */,
				CD256D7F2042E7740086EAAB /* Facebook-60@2x.png in Resources */,
				CD256D9B2042E7810086EAAB /* Twitter-60.png in Resources */,
				CD256D892042E7740086EAAB /* Google+-60.png in Resources */,
				CD256D7E2042E7740086EAAB /* iCloud-76.png in Resources */,
				CD256D9D2042E7810086EAAB /* VK-60@2x.png in Resources */,
				CDFE01822041FD5B00C5AC4E /* chat-fill@2x.png in Resources */,
				CD662FCA1FC701E2002BA3F8 /* Main.storyboard in Resources */,
				CD256DA12042E7810086EAAB /* Twitter-76@2x.png in Resources */,
			);
			runOnlyForDeploymentPostprocessing = 0;
		};
/* End PBXResourcesBuildPhase section */

/* Begin PBXShellScriptBuildPhase section */
		55B2AA0A2471CB67F582E69F /* [CP] Copy Pods Resources */ = {
			isa = PBXShellScriptBuildPhase;
			buildActionMask = 2147483647;
			files = (
			);
			inputPaths = (
				"${SRCROOT}/Pods/Target Support Files/Pods-Scans/Pods-Scans-resources.sh",
				"${PODS_CONFIGURATION_BUILD_DIR}/GoogleMobileVision/GoogleMVTextDetectorResources.bundle",
			);
			name = "[CP] Copy Pods Resources";
			outputPaths = (
				"${TARGET_BUILD_DIR}/${UNLOCALIZED_RESOURCES_FOLDER_PATH}/GoogleMVTextDetectorResources.bundle",
			);
			runOnlyForDeploymentPostprocessing = 0;
			shellPath = /bin/sh;
			shellScript = "\"${SRCROOT}/Pods/Target Support Files/Pods-Scans/Pods-Scans-resources.sh\"\n";
			showEnvVarsInLog = 0;
		};
		A87638487CC339089672DC08 /* [CP] Check Pods Manifest.lock */ = {
			isa = PBXShellScriptBuildPhase;
			buildActionMask = 2147483647;
			files = (
			);
			inputPaths = (
				"${PODS_PODFILE_DIR_PATH}/Podfile.lock",
				"${PODS_ROOT}/Manifest.lock",
			);
			name = "[CP] Check Pods Manifest.lock";
			outputPaths = (
				"$(DERIVED_FILE_DIR)/Pods-Scans-checkManifestLockResult.txt",
			);
			runOnlyForDeploymentPostprocessing = 0;
			shellPath = /bin/sh;
			shellScript = "diff \"${PODS_PODFILE_DIR_PATH}/Podfile.lock\" \"${PODS_ROOT}/Manifest.lock\" > /dev/null\nif [ $? != 0 ] ; then\n    # print error to STDERR\n    echo \"error: The sandbox is not in sync with the Podfile.lock. Run 'pod install' or update your CocoaPods installation.\" >&2\n    exit 1\nfi\n# This output is used by Xcode 'outputs' to avoid re-running this script phase.\necho \"SUCCESS\" > \"${SCRIPT_OUTPUT_FILE_0}\"\n";
			showEnvVarsInLog = 0;
		};
		CD256D5E2042E36A0086EAAB /* ShellScript */ = {
			isa = PBXShellScriptBuildPhase;
			buildActionMask = 2147483647;
			files = (
			);
			inputPaths = (
			);
			outputPaths = (
			);
			runOnlyForDeploymentPostprocessing = 0;
			shellPath = /bin/sh;
			shellScript = "\"${PODS_ROOT}/Fabric/run\" 9c7a9aee279608464bee25c72371121e09e0819f 394736f643de36cff4106b6e436cd026f69b5b8c786eb129a0e06c49204967ad";
		};
/* End PBXShellScriptBuildPhase section */

/* Begin PBXSourcesBuildPhase section */
		CD662FBB1FC701E1002BA3F8 /* Sources */ = {
			isa = PBXSourcesBuildPhase;
			buildActionMask = 2147483647;
			files = (
				CD256D4B2042DFCE0086EAAB /* MobileCoreServices+Convenience.m in Sources */,
				CD256D542042E0DF0086EAAB /* CommonCrypto+Convenience.m in Sources */,
				CD36C6282041C2B90029FA9C /* UIImage+Convenience.m in Sources */,
				CD36C62A2041C2B90029FA9C /* NSArray+Convenience.m in Sources */,
				CD662FC71FC701E2002BA3F8 /* ViewController.m in Sources */,
				CD256D4E2042E0B60086EAAB /* Affiliates+Convenience.m in Sources */,
				CD30D8A3207000F200028C8D /* PhotoLibrary.m in Sources */,
				CD662FEA1FC70ECD002BA3F8 /* PHAssetController.m in Sources */,
				CD36C62E2041C2B90029FA9C /* NSLayoutConstraint+Convenience.m in Sources */,
				CD36C6372041C2B90029FA9C /* NSURL+Convenience.m in Sources */,
				CD256D572042E0F80086EAAB /* NSData+Convenience.m in Sources */,
				CD36C6382041C2B90029FA9C /* NSFileManager+Convenience.m in Sources */,
				CDE33AC02048611300F89AD8 /* CoreData+Convenience.m in Sources */,
				CD36C62C2041C2B90029FA9C /* UIApplication+Convenience.m in Sources */,
				CD04593D2049F922006D48D0 /* NSXMLDictionary.m in Sources */,
				CD822B8B206D602700F2112F /* AVCaptureSession+Convenience.m in Sources */,
				CD256D5D2042E1D90086EAAB /* Answers+Convenience.m in Sources */,
				CD256D482042DFBD0086EAAB /* MessageUI+Convenience.m in Sources */,
				CDFE017D2041F91300C5AC4E /* AboutController.m in Sources */,
				CD36C6302041C2B90029FA9C /* NSBundle+Convenience.m in Sources */,
				CD256D682042E5D70086EAAB /* NSDictionary+Convenience.m in Sources */,
				CD36C6292041C2B90029FA9C /* UIView+Convenience.m in Sources */,
				CD256DAA2043045F0086EAAB /* StoreKit+Convenience.m in Sources */,
				CDE33AD420486F8800F89AD8 /* Model+Convenience.m in Sources */,
				CDE33ABD20485FA700F89AD8 /* CollectionTransition.m in Sources */,
				CD36C6332041C2B90029FA9C /* UIDocumentPickerViewController+Convenience.m in Sources */,
				CD256DAD20430DD20086EAAB /* QuartzCore+Convenience.m in Sources */,
				CD36C6322041C2B90029FA9C /* UIActivity+Convenience.m in Sources */,
				CDDBBE85203F4D3100E9E325 /* UIImageController.m in Sources */,
				CD66F3D42044858B00050C65 /* Vision+Convenience.m in Sources */,
				CD256D422041FFC10086EAAB /* UIInteractiveTransition.m in Sources */,
				CD36C6272041C2B90029FA9C /* Photos+Convenience.m in Sources */,
				CD538BF120B88E8C004956D1 /* UISearchController+Convenience.m in Sources */,
				CD36C6342041C2B90029FA9C /* UIViewController+Convenience.m in Sources */,
				CD84E14920C2C9DC00286E27 /* Reachability.m in Sources */,
				CD25C6D920B6B16F00D979FB /* FIRVision+Convenience.m in Sources */,
				CD466436205C203B002F068A /* RectangleController.m in Sources */,
				CD256DA92043045F0086EAAB /* SKInAppPurchase.m in Sources */,
				CD662FF61FC73B27002BA3F8 /* VNTextCollectionController.m in Sources */,
				CD36C62B2041C2B90029FA9C /* Dispatch+Convenience.m in Sources */,
				CDC08DE72045C07C009C6AD0 /* VNTextPagingController.m in Sources */,
				CDC08DEA2045E18C009C6AD0 /* PHAssetPagingController.m in Sources */,
				CD36C6262041C2B90029FA9C /* UIAlertController+Convenience.m in Sources */,
				CDC92D022072824C00287A55 /* TextDetector.m in Sources */,
				CD36C6392041C2B90029FA9C /* NSObject+Convenience.m in Sources */,
				CD36C6352041C2B90029FA9C /* NSFormatter+Convenience.m in Sources */,
				CD662FC41FC701E2002BA3F8 /* AppDelegate.m in Sources */,
				CD662FD51FC701E2002BA3F8 /* main.m in Sources */,
				CD256D3F2041FFA90086EAAB /* UIGestureTransition.m in Sources */,
				CD36C6312041C2B90029FA9C /* CoreImage+Convenience.m in Sources */,
				CD36C5FA2041BFC10029FA9C /* NavigationController.m in Sources */,
				CD256D512042E0CC0086EAAB /* NSURLSession+Convenience.m in Sources */,
				CDE33B3F2049936000F89AD8 /* UIPageViewController+Convenience.m in Sources */,
				CD256D45204200560086EAAB /* UIGestureRecognizer+Convenience.m in Sources */,
				CD662FCD1FC701E2002BA3F8 /* Scans.xcdatamodeld in Sources */,
				CD8157B42059757E007EAEC6 /* UIImagePickerController+Convenience.m in Sources */,
				CD36C6362041C2B90029FA9C /* UINavigationController+Convenience.m in Sources */,
				CD256D5A2042E12E0086EAAB /* NSString+Convenience.m in Sources */,
				CD36C62D2041C2B90029FA9C /* UIActivityViewController+Convenience.m in Sources */,
				CD36C62F2041C2B90029FA9C /* UIScrollView+Convenience.m in Sources */,
			);
			runOnlyForDeploymentPostprocessing = 0;
		};
/* End PBXSourcesBuildPhase section */

/* Begin PBXVariantGroup section */
		CD662FC81FC701E2002BA3F8 /* Main.storyboard */ = {
			isa = PBXVariantGroup;
			children = (
				CD662FC91FC701E2002BA3F8 /* Base */,
			);
			name = Main.storyboard;
			sourceTree = "<group>";
		};
		CD662FD01FC701E2002BA3F8 /* LaunchScreen.storyboard */ = {
			isa = PBXVariantGroup;
			children = (
				CD662FD11FC701E2002BA3F8 /* Base */,
			);
			name = LaunchScreen.storyboard;
			sourceTree = "<group>";
		};
/* End PBXVariantGroup section */

/* Begin XCBuildConfiguration section */
		CD662FD61FC701E2002BA3F8 /* Debug */ = {
			isa = XCBuildConfiguration;
			buildSettings = {
				ALWAYS_SEARCH_USER_PATHS = NO;
				CLANG_ANALYZER_NONNULL = YES;
				CLANG_ANALYZER_NUMBER_OBJECT_CONVERSION = YES_AGGRESSIVE;
				CLANG_CXX_LANGUAGE_STANDARD = "gnu++14";
				CLANG_CXX_LIBRARY = "libc++";
				CLANG_ENABLE_MODULES = YES;
				CLANG_ENABLE_OBJC_ARC = YES;
				CLANG_WARN_BLOCK_CAPTURE_AUTORELEASING = YES;
				CLANG_WARN_BOOL_CONVERSION = YES;
				CLANG_WARN_COMMA = YES;
				CLANG_WARN_CONSTANT_CONVERSION = YES;
				CLANG_WARN_DEPRECATED_OBJC_IMPLEMENTATIONS = YES;
				CLANG_WARN_DIRECT_OBJC_ISA_USAGE = YES_ERROR;
				CLANG_WARN_DOCUMENTATION_COMMENTS = YES;
				CLANG_WARN_EMPTY_BODY = YES;
				CLANG_WARN_ENUM_CONVERSION = YES;
				CLANG_WARN_INFINITE_RECURSION = YES;
				CLANG_WARN_INT_CONVERSION = YES;
				CLANG_WARN_NON_LITERAL_NULL_CONVERSION = YES;
				CLANG_WARN_OBJC_IMPLICIT_RETAIN_SELF = YES;
				CLANG_WARN_OBJC_LITERAL_CONVERSION = YES;
				CLANG_WARN_OBJC_ROOT_CLASS = YES_ERROR;
				CLANG_WARN_RANGE_LOOP_ANALYSIS = YES;
				CLANG_WARN_STRICT_PROTOTYPES = YES;
				CLANG_WARN_SUSPICIOUS_MOVE = YES;
				CLANG_WARN_UNGUARDED_AVAILABILITY = YES_AGGRESSIVE;
				CLANG_WARN_UNREACHABLE_CODE = YES;
				CLANG_WARN__DUPLICATE_METHOD_MATCH = YES;
				CODE_SIGN_IDENTITY = "iPhone Developer";
				COPY_PHASE_STRIP = NO;
				DEBUG_INFORMATION_FORMAT = dwarf;
				ENABLE_STRICT_OBJC_MSGSEND = YES;
				ENABLE_TESTABILITY = YES;
				GCC_C_LANGUAGE_STANDARD = gnu11;
				GCC_DYNAMIC_NO_PIC = NO;
				GCC_NO_COMMON_BLOCKS = YES;
				GCC_OPTIMIZATION_LEVEL = 0;
				GCC_PREPROCESSOR_DEFINITIONS = (
					"DEBUG=1",
					"$(inherited)",
				);
				GCC_WARN_64_TO_32_BIT_CONVERSION = YES;
				GCC_WARN_ABOUT_RETURN_TYPE = YES_ERROR;
				GCC_WARN_UNDECLARED_SELECTOR = YES;
				GCC_WARN_UNINITIALIZED_AUTOS = YES_AGGRESSIVE;
				GCC_WARN_UNUSED_FUNCTION = YES;
				GCC_WARN_UNUSED_VARIABLE = YES;
				IPHONEOS_DEPLOYMENT_TARGET = 11.0;
				MTL_ENABLE_DEBUG_INFO = YES;
				ONLY_ACTIVE_ARCH = YES;
				SDKROOT = iphoneos;
			};
			name = Debug;
		};
		CD662FD71FC701E2002BA3F8 /* Release */ = {
			isa = XCBuildConfiguration;
			buildSettings = {
				ALWAYS_SEARCH_USER_PATHS = NO;
				CLANG_ANALYZER_NONNULL = YES;
				CLANG_ANALYZER_NUMBER_OBJECT_CONVERSION = YES_AGGRESSIVE;
				CLANG_CXX_LANGUAGE_STANDARD = "gnu++14";
				CLANG_CXX_LIBRARY = "libc++";
				CLANG_ENABLE_MODULES = YES;
				CLANG_ENABLE_OBJC_ARC = YES;
				CLANG_WARN_BLOCK_CAPTURE_AUTORELEASING = YES;
				CLANG_WARN_BOOL_CONVERSION = YES;
				CLANG_WARN_COMMA = YES;
				CLANG_WARN_CONSTANT_CONVERSION = YES;
				CLANG_WARN_DEPRECATED_OBJC_IMPLEMENTATIONS = YES;
				CLANG_WARN_DIRECT_OBJC_ISA_USAGE = YES_ERROR;
				CLANG_WARN_DOCUMENTATION_COMMENTS = YES;
				CLANG_WARN_EMPTY_BODY = YES;
				CLANG_WARN_ENUM_CONVERSION = YES;
				CLANG_WARN_INFINITE_RECURSION = YES;
				CLANG_WARN_INT_CONVERSION = YES;
				CLANG_WARN_NON_LITERAL_NULL_CONVERSION = YES;
				CLANG_WARN_OBJC_IMPLICIT_RETAIN_SELF = YES;
				CLANG_WARN_OBJC_LITERAL_CONVERSION = YES;
				CLANG_WARN_OBJC_ROOT_CLASS = YES_ERROR;
				CLANG_WARN_RANGE_LOOP_ANALYSIS = YES;
				CLANG_WARN_STRICT_PROTOTYPES = YES;
				CLANG_WARN_SUSPICIOUS_MOVE = YES;
				CLANG_WARN_UNGUARDED_AVAILABILITY = YES_AGGRESSIVE;
				CLANG_WARN_UNREACHABLE_CODE = YES;
				CLANG_WARN__DUPLICATE_METHOD_MATCH = YES;
				CODE_SIGN_IDENTITY = "iPhone Developer";
				COPY_PHASE_STRIP = NO;
				DEBUG_INFORMATION_FORMAT = "dwarf-with-dsym";
				ENABLE_NS_ASSERTIONS = NO;
				ENABLE_STRICT_OBJC_MSGSEND = YES;
				GCC_C_LANGUAGE_STANDARD = gnu11;
				GCC_NO_COMMON_BLOCKS = YES;
				GCC_WARN_64_TO_32_BIT_CONVERSION = YES;
				GCC_WARN_ABOUT_RETURN_TYPE = YES_ERROR;
				GCC_WARN_UNDECLARED_SELECTOR = YES;
				GCC_WARN_UNINITIALIZED_AUTOS = YES_AGGRESSIVE;
				GCC_WARN_UNUSED_FUNCTION = YES;
				GCC_WARN_UNUSED_VARIABLE = YES;
				IPHONEOS_DEPLOYMENT_TARGET = 11.0;
				MTL_ENABLE_DEBUG_INFO = NO;
				SDKROOT = iphoneos;
				VALIDATE_PRODUCT = YES;
			};
			name = Release;
		};
		CD662FD91FC701E2002BA3F8 /* Debug */ = {
			isa = XCBuildConfiguration;
			baseConfigurationReference = C9B5A858E256402FEE551B8F /* Pods-Scans.debug.xcconfig */;
			buildSettings = {
				ASSETCATALOG_COMPILER_APPICON_NAME = AppIcon;
				CODE_SIGN_ENTITLEMENTS = Scans/Scans.entitlements;
				CODE_SIGN_STYLE = Automatic;
				DEBUG_INFORMATION_FORMAT = "dwarf-with-dsym";
				DEVELOPMENT_TEAM = VRBB8HL9RV;
				INFOPLIST_FILE = Scans/Info.plist;
				LD_RUNPATH_SEARCH_PATHS = "$(inherited) @executable_path/Frameworks";
				PRODUCT_BUNDLE_IDENTIFIER = com.alexivanov.scans;
				PRODUCT_NAME = "$(TARGET_NAME)";
				TARGETED_DEVICE_FAMILY = "1,2";
			};
			name = Debug;
		};
		CD662FDA1FC701E2002BA3F8 /* Release */ = {
			isa = XCBuildConfiguration;
			baseConfigurationReference = 76D341700BFF3A52D1DF6D6C /* Pods-Scans.release.xcconfig */;
			buildSettings = {
				ASSETCATALOG_COMPILER_APPICON_NAME = AppIcon;
				CODE_SIGN_ENTITLEMENTS = Scans/Scans.entitlements;
				CODE_SIGN_STYLE = Automatic;
				DEBUG_INFORMATION_FORMAT = "dwarf-with-dsym";
				DEVELOPMENT_TEAM = VRBB8HL9RV;
				INFOPLIST_FILE = Scans/Info.plist;
				LD_RUNPATH_SEARCH_PATHS = "$(inherited) @executable_path/Frameworks";
				PRODUCT_BUNDLE_IDENTIFIER = com.alexivanov.scans;
				PRODUCT_NAME = "$(TARGET_NAME)";
				TARGETED_DEVICE_FAMILY = "1,2";
			};
			name = Release;
		};
/* End XCBuildConfiguration section */

/* Begin XCConfigurationList section */
		CD662FBA1FC701E1002BA3F8 /* Build configuration list for PBXProject "Scans" */ = {
			isa = XCConfigurationList;
			buildConfigurations = (
				CD662FD61FC701E2002BA3F8 /* Debug */,
				CD662FD71FC701E2002BA3F8 /* Release */,
			);
			defaultConfigurationIsVisible = 0;
			defaultConfigurationName = Release;
		};
		CD662FD81FC701E2002BA3F8 /* Build configuration list for PBXNativeTarget "Scans" */ = {
			isa = XCConfigurationList;
			buildConfigurations = (
				CD662FD91FC701E2002BA3F8 /* Debug */,
				CD662FDA1FC701E2002BA3F8 /* Release */,
			);
			defaultConfigurationIsVisible = 0;
			defaultConfigurationName = Release;
		};
/* End XCConfigurationList section */

/* Begin XCVersionGroup section */
		CD662FCB1FC701E2002BA3F8 /* Scans.xcdatamodeld */ = {
			isa = XCVersionGroup;
			children = (
				CD662FCC1FC701E2002BA3F8 /* Scans.xcdatamodel */,
			);
			currentVersion = CD662FCC1FC701E2002BA3F8 /* Scans.xcdatamodel */;
			path = Scans.xcdatamodeld;
			sourceTree = "<group>";
			versionGroupType = wrapper.xcdatamodel;
		};
/* End XCVersionGroup section */
	};
	rootObject = CD662FB71FC701E1002BA3F8 /* Project object */;
}
